<?xml version="1.0" encoding="UTF-8"?>
<CONFIG>
  <ProjectOptions>
    <Version Value="12"/>
    <PathDelim Value="\"/>
    <General>
      <Flags>
        <CompatibilityMode Value="True"/>
      </Flags>
      <ResourceType Value="res"/>
      <UseXPManifest Value="True"/>
      <Icon Value="0"/>
    </General>
    <i18n>
      <EnableI18N LFM="False"/>
    </i18n>
    <VersionInfo>
      <Language Value=""/>
      <CharSet Value=""/>
    </VersionInfo>
    <BuildModes Count="1">
      <Item1 Name="default" Default="True"/>
    </BuildModes>
    <PublishOptions>
      <Version Value="2"/>
    </PublishOptions>
    <RunParams>
      <FormatVersion Value="2"/>
      <Modes Count="1">
        <Mode0 Name="default"/>
      </Modes>
    </RunParams>
    <RequiredPackages Count="2">
      <Item1>
        <PackageName Value="LCLBase"/>
        <MinVersion Major="1" Release="1" Valid="True"/>
      </Item1>
      <Item2>
        <PackageName Value="LCL"/>
      </Item2>
    </RequiredPackages>
    <Units Count="13">
      <Unit0>
        <Filename Value="debuggertest.lpr"/>
        <IsPartOfProject Value="True"/>
        <EditorIndex Value="2"/>
        <CursorPos Y="15"/>
        <UsageCount Value="28"/>
        <Loaded Value="True"/>
      </Unit0>
      <Unit1>
        <Filename Value="Unit1.pas"/>
        <IsPartOfProject Value="True"/>
        <ComponentName Value="Form1"/>
        <HasResources Value="True"/>
        <ResourceBaseClass Value="Form"/>
        <IsVisibleTab Value="True"/>
        <TopLine Value="498"/>
        <CursorPos X="14" Y="487"/>
        <UsageCount Value="28"/>
        <Loaded Value="True"/>
        <LoadedDesigner Value="True"/>
      </Unit1>
      <Unit2>
        <Filename Value="C:\lazarus\fpc\2.4.3\source\packages\fcl-base\src\custapp.pp"/>
        <UnitName Value="CustApp"/>
        <TopLine Value="59"/>
        <CursorPos X="35" Y="72"/>
        <UsageCount Value="10"/>
      </Unit2>
      <Unit3>
        <Filename Value="C:\lazarus\fpc\2.4.3\source\packages\winunits-jedi\src\jwawindows.pas"/>
        <UnitName Value="JwaWindows"/>
        <TopLine Value="347"/>
        <CursorPos X="3" Y="363"/>
        <UsageCount Value="10"/>
      </Unit3>
      <Unit4>
        <Filename Value="C:\lazarus\lcl\forms.pp"/>
        <UnitName Value="Forms"/>
        <TopLine Value="1627"/>
        <CursorPos X="24" Y="1641"/>
        <UsageCount Value="13"/>
      </Unit4>
      <Unit5>
        <Filename Value="C:\lazarus\fpc\2.4.3\source\rtl\inc\objpash.inc"/>
        <TopLine Value="306"/>
        <CursorPos X="14" Y="322"/>
        <UsageCount Value="10"/>
      </Unit5>
      <Unit6>
        <Filename Value="C:\lazarus\fpc\2.4.3\source\rtl\inc\systemh.inc"/>
        <TopLine Value="1040"/>
        <CursorPos X="27" Y="1054"/>
        <UsageCount Value="10"/>
      </Unit6>
      <Unit7>
        <Filename Value="C:\lazarus\fpc\2.4.3\source\rtl\objpas\sysutils\sysutilh.inc"/>
        <TopLine Value="192"/>
        <CursorPos X="13" Y="206"/>
        <UsageCount Value="10"/>
      </Unit7>
      <Unit8>
        <Filename Value="C:\lazarus\fpc\2.4.4\source\packages\winunits-jedi\src\jwapsapi.pas"/>
        <TopLine Value="86"/>
        <CursorPos Y="92"/>
        <UsageCount Value="12"/>
      </Unit8>
      <Unit9>
        <Filename Value="C:\FPC\fixes_3_0\rtl\win\wininc\defines.inc"/>
        <EditorIndex Value="-1"/>
        <TopLine Value="5680"/>
        <CursorPos X="6" Y="5690"/>
        <UsageCount Value="10"/>
      </Unit9>
      <Unit10>
        <Filename Value="C:\development\fpc\packages\fcl-base\src\syncobjs.pp"/>
        <EditorIndex Value="-1"/>
        <TopLine Value="57"/>
        <CursorPos X="17" Y="73"/>
        <UsageCount Value="10"/>
      </Unit10>
      <Unit11>
        <Filename Value="C:\development\fpc\packages\winunits-jedi\src\jwawinnt.pas"/>
        <UnitName Value="JwaWinNT"/>
        <EditorIndex Value="-1"/>
        <TopLine Value="7854"/>
        <CursorPos X="95" Y="7871"/>
        <UsageCount Value="10"/>
      </Unit11>
      <Unit12>
        <Filename Value="C:\lazarus\fpc\3.2.2\source\packages\winunits-jedi\src\jwantstatus.pas"/>
        <EditorIndex Value="1"/>
        <TopLine Value="1150"/>
        <CursorPos X="3" Y="1138"/>
        <UsageCount Value="10"/>
        <Loaded Value="True"/>
      </Unit12>
    </Units>
    <JumpHistory Count="30" HistoryIndex="29">
      <Position1>
        <Filename Value="Unit1.pas"/>
        <Caret Line="373" Column="53" TopLine="356"/>
      </Position1>
      <Position2>
        <Filename Value="Unit1.pas"/>
        <Caret Line="539" TopLine="492"/>
      </Position2>
      <Position3>
        <Filename Value="Unit1.pas"/>
        <Caret Line="546" TopLine="512"/>
      </Position3>
      <Position4>
        <Filename Value="Unit1.pas"/>
        <Caret Line="420" Column="10" TopLine="416"/>
      </Position4>
      <Position5>
        <Filename Value="Unit1.pas"/>
        <Caret Line="419" Column="5" TopLine="413"/>
      </Position5>
      <Position6>
        <Filename Value="Unit1.pas"/>
        <Caret Line="420" Column="5" TopLine="414"/>
      </Position6>
      <Position7>
        <Filename Value="Unit1.pas"/>
        <Caret Line="378" Column="71" TopLine="365"/>
      </Position7>
      <Position8>
        <Filename Value="Unit1.pas"/>
        <Caret Line="380" Column="71" TopLine="367"/>
      </Position8>
      <Position9>
        <Filename Value="Unit1.pas"/>
        <Caret Line="447" Column="10" TopLine="428"/>
      </Position9>
      <Position10>
        <Filename Value="Unit1.pas"/>
        <Caret Line="387" TopLine="362"/>
      </Position10>
      <Position11>
        <Filename Value="Unit1.pas"/>
      </Position11>
      <Position12>
        <Filename Value="Unit1.pas"/>
        <Caret Line="62" Column="28" TopLine="35"/>
      </Position12>
      <Position13>
        <Filename Value="Unit1.pas"/>
        <Caret Line="387" TopLine="359"/>
      </Position13>
      <Position14>
        <Filename Value="Unit1.pas"/>
      </Position14>
      <Position15>
        <Filename Value="Unit1.pas"/>
        <Caret Line="33" Column="13" TopLine="5"/>
      </Position15>
      <Position16>
        <Filename Value="Unit1.pas"/>
        <Caret Line="62" Column="23" TopLine="35"/>
      </Position16>
      <Position17>
        <Filename Value="Unit1.pas"/>
        <Caret Line="387" Column="26" TopLine="359"/>
      </Position17>
      <Position18>
        <Filename Value="Unit1.pas"/>
        <Caret Line="539" Column="31" TopLine="486"/>
      </Position18>
      <Position19>
        <Filename Value="Unit1.pas"/>
        <Caret Line="376" Column="3" TopLine="366"/>
      </Position19>
      <Position20>
        <Filename Value="Unit1.pas"/>
        <Caret Line="458" Column="5" TopLine="425"/>
      </Position20>
      <Position21>
        <Filename Value="Unit1.pas"/>
        <Caret Line="465" Column="8" TopLine="436"/>
      </Position21>
      <Position22>
        <Filename Value="Unit1.pas"/>
        <Caret Line="454" TopLine="413"/>
      </Position22>
      <Position23>
        <Filename Value="Unit1.pas"/>
        <Caret Line="384" Column="50" TopLine="359"/>
      </Position23>
      <Position24>
        <Filename Value="Unit1.pas"/>
        <Caret Line="408" Column="25" TopLine="404"/>
      </Position24>
      <Position25>
        <Filename Value="Unit1.pas"/>
        <Caret Line="605" Column="35" TopLine="522"/>
      </Position25>
      <Position26>
        <Filename Value="Unit1.pas"/>
        <Caret Line="612" Column="35" TopLine="589"/>
      </Position26>
      <Position27>
        <Filename Value="Unit1.pas"/>
        <Caret Line="480" Column="37" TopLine="478"/>
      </Position27>
      <Position28>
        <Filename Value="Unit1.pas"/>
        <Caret Line="481" Column="37" TopLine="479"/>
      </Position28>
      <Position29>
        <Filename Value="Unit1.pas"/>
        <Caret Line="483" Column="23" TopLine="479"/>
      </Position29>
      <Position30>
        <Filename Value="Unit1.pas"/>
        <Caret Line="485" Column="38" TopLine="471"/>
      </Position30>
    </JumpHistory>
  </ProjectOptions>
  <CompilerOptions>
    <Version Value="11"/>
    <PathDelim Value="\"/>
    <Target>
      <Filename Value="..\bin\DebuggerTest-$(TargetCPU)"/>
    </Target>
    <SearchPaths>
      <UnitOutputDirectory Value="unitbin"/>
    </SearchPaths>
    <Parsing>
      <Style Value="1"/>
    </Parsing>
    <CodeGeneration>
      <TargetCPU Value="x86_64"/>
      <TargetOS Value="win64"/>
    </CodeGeneration>
    <Linking>
      <Debugging>
        <DebugInfoType Value="dsDwarf2Set"/>
      </Debugging>
      <Options>
        <Win32>
          <GraphicApplication Value="True"/>
        </Win32>
      </Options>
    </Linking>
  </CompilerOptions>
  <Debugging>
    <BreakPoints Count="3">
      <Item1>
        <Kind Value="bpkSource"/>
        <WatchScope Value="wpsGlobal"/>
        <WatchKind Value="wpkWrite"/>
        <Source Value="Unit1.pas"/>
        <Line Value="548"/>
      </Item1>
      <Item2>
        <Kind Value="bpkSource"/>
        <WatchScope Value="wpsLocal"/>
        <WatchKind Value="wpkWrite"/>
        <Source Value="Unit1.pas"/>
        <Line Value="296"/>
      </Item2>
      <Item3>
        <Kind Value="bpkSource"/>
        <WatchScope Value="wpsLocal"/>
        <WatchKind Value="wpkWrite"/>
        <Source Value="Unit1.pas"/>
        <Line Value="477"/>
      </Item3>
    </BreakPoints>
    <Watches Count="2">
      <Item1>
        <Expression Value="c.dr0"/>
        <DisplayStyle Value="wdfHex"/>
      </Item1>
      <Item2>
        <Expression Value="_dr0"/>
        <DisplayStyle Value="wdfHex"/>
      </Item2>
    </Watches>
    <Exceptions Count="3">
      <Item1>
        <Name Value="EAbort"/>
      </Item1>
      <Item2>
        <Name Value="ECodetoolError"/>
      </Item2>
      <Item3>
        <Name Value="EFOpenError"/>
      </Item3>
    </Exceptions>
  </Debugging>
</CONFIG>
