<?xml version="1.0" encoding="UTF-8"?>
<CONFIG>
  <ProjectOptions>
    <Version Value="10"/>
    <PathDelim Value="\"/>
    <General>
      <MainUnit Value="0"/>
      <ResourceType Value="res"/>
      <UseXPManifest Value="True"/>
      <XPManifest>
        <ExecutionLevel Value="requireAdministrator"/>
      </XPManifest>
    </General>
    <i18n>
      <EnableI18N LFM="False"/>
    </i18n>
    <VersionInfo>
      <Language Value=""/>
      <CharSet Value=""/>
      <StringTable ProductVersion=""/>
    </VersionInfo>
    <BuildModes Count="1">
      <Item1 Name="default" Default="True"/>
    </BuildModes>
    <PublishOptions>
      <Version Value="2"/>
      <IgnoreBinaries Value="False"/>
      <IncludeFileFilter Value="*.(pas|pp|inc|lfm|lpr|lrs|lpi|lpk|sh|xml)"/>
      <ExcludeFileFilter Value="*.(bak|ppu|ppw|o|so);*~;backup"/>
    </PublishOptions>
    <RunParams>
      <local>
        <FormatVersion Value="1"/>
      </local>
    </RunParams>
    <Units Count="4">
      <Unit0>
        <Filename Value="Kernelmoduleunloader.lpr"/>
        <IsPartOfProject Value="True"/>
        <IsVisibleTab Value="True"/>
        <EditorIndex Value="1"/>
        <TopLine Value="333"/>
        <CursorPos X="26" Y="349"/>
        <UsageCount Value="20"/>
        <Loaded Value="True"/>
      </Unit0>
      <Unit1>
        <Filename Value="..\multicpuexecution.pas"/>
        <IsPartOfProject Value="True"/>
        <TopLine Value="43"/>
        <CursorPos X="17" Y="8"/>
        <UsageCount Value="20"/>
        <Loaded Value="True"/>
      </Unit1>
      <Unit2>
        <Filename Value="C:\lazarus164\fpc\3.0.2\source\rtl\objpas\sysutils\filutilh.inc"/>
        <EditorIndex Value="2"/>
        <TopLine Value="151"/>
        <CursorPos X="11" Y="171"/>
        <UsageCount Value="10"/>
        <Loaded Value="True"/>
      </Unit2>
      <Unit3>
        <Filename Value="C:\lazarus164\fpc\3.0.2\source\rtl\win\sysutils.pp"/>
        <EditorIndex Value="3"/>
        <TopLine Value="350"/>
        <CursorPos X="3" Y="352"/>
        <UsageCount Value="10"/>
        <Loaded Value="True"/>
      </Unit3>
    </Units>
    <JumpHistory Count="5" HistoryIndex="3">
      <Position1>
        <Filename Value="Kernelmoduleunloader.lpr"/>
        <Caret Line="12" Column="49"/>
      </Position1>
      <Position2>
        <Filename Value="Kernelmoduleunloader.lpr"/>
        <Caret Line="289" Column="22" TopLine="274"/>
      </Position2>
      <Position3>
        <Filename Value="Kernelmoduleunloader.lpr"/>
        <Caret Line="11" Column="3"/>
      </Position3>
      <Position4>
        <Filename Value="Kernelmoduleunloader.lpr"/>
        <Caret Line="347" Column="10" TopLine="333"/>
      </Position4>
      <Position5>
        <Filename Value="C:\lazarus164\fpc\3.0.2\source\rtl\win\sysutils.pp"/>
        <Caret Line="352" Column="3" TopLine="350"/>
      </Position5>
    </JumpHistory>
  </ProjectOptions>
  <CompilerOptions>
    <Version Value="11"/>
    <PathDelim Value="\"/>
    <Target>
      <Filename Value="..\..\bin\kernelmoduleunloader-$(TargetCPU)"/>
    </Target>
    <SearchPaths>
      <IncludeFiles Value="$(ProjOutDir)"/>
    </SearchPaths>
    <CodeGeneration>
      <TargetCPU Value="i386"/>
      <TargetOS Value="win32"/>
    </CodeGeneration>
    <Linking>
      <Debugging>
        <GenerateDebugInfo Value="False"/>
        <UseLineInfoUnit Value="False"/>
        <StripSymbols Value="True"/>
      </Debugging>
      <LinkSmart Value="True"/>
      <Options>
        <Win32>
          <GraphicApplication Value="True"/>
        </Win32>
      </Options>
    </Linking>
  </CompilerOptions>
  <Debugging>
    <BreakPoints Count="1">
      <Item1>
        <Kind Value="bpkSource"/>
        <WatchScope Value="wpsGlobal"/>
        <WatchKind Value="wpkWrite"/>
        <Source Value="Kernelmoduleunloader.lpr"/>
        <Line Value="156"/>
      </Item1>
    </BreakPoints>
    <Exceptions Count="3">
      <Item1>
        <Name Value="EAbort"/>
      </Item1>
      <Item2>
        <Name Value="ECodetoolError"/>
      </Item2>
      <Item3>
        <Name Value="EFOpenError"/>
      </Item3>
    </Exceptions>
  </Debugging>
</CONFIG>
