<?xml version="1.0"?>
<CONFIG>
  <ProjectOptions>
    <Version Value="9"/>
    <PathDelim Value="\"/>
    <General>
      <MainUnit Value="0"/>
      <Title Value="Cheat Engine 6.0"/>
      <Icon Value="0"/>
      <ActiveWindowIndexAtStart Value="0"/>
    </General>
    <VersionInfo>
      <UseVersionInfo Value="True"/>
      <AutoIncrementBuild Value="True"/>
      <MajorVersionNr Value="6"/>
      <BuildNr Value="979"/>
      <Language Value=""/>
      <CharSet Value=""/>
      <StringTable CompanyName="Cheat Engine" FileDescription="Cheat Engine" ProductVersion="6.0"/>
    </VersionInfo>
    <BuildModes Count="2" Active="debug">
      <Item1 Name="release" Default="True"/>
      <Item2 Name="debug">
        <CompilerOptions>
          <Version Value="9"/>
          <PathDelim Value="\"/>
          <Target>
            <Filename Value="bin\cheatengine60-$(TargetCPU)"/>
          </Target>
          <SearchPaths>
            <IncludeFiles Value="$(ProjOutDir)"/>
            <OtherUnitFiles Value="VEHDebug;dbk32;lua"/>
            <UnitOutputDirectory Value="lib\$(TargetCPU)-$(TargetOS)"/>
          </SearchPaths>
          <Parsing>
            <Style Value="1"/>
            <SyntaxOptions>
              <SyntaxMode Value="Delphi"/>
            </SyntaxOptions>
          </Parsing>
          <CodeGeneration>
            <Optimizations>
              <OptimizationLevel Value="0"/>
            </Optimizations>
          </CodeGeneration>
          <Linking>
            <Options>
              <Win32>
                <GraphicApplication Value="True"/>
              </Win32>
            </Options>
          </Linking>
          <Other>
            <Verbosity>
              <ShowHints Value="False"/>
              <ShowGenInfo Value="False"/>
              <ShowNothing Value="True"/>
            </Verbosity>
            <WriteFPCLogo Value="False"/>
            <ConfigFile>
              <StopAfterErrCount Value="1000"/>
            </ConfigFile>
            <CompilerMessages>
              <UseMsgFile Value="True"/>
            </CompilerMessages>
            <CustomOptions Value="-dbenchmarkps -dcemain -WB00400000 -dNDEBUG -dNOVMX"/>
            <CompilerPath Value="$(CompPath)"/>
          </Other>
        </CompilerOptions>
      </Item2>
    </BuildModes>
    <PublishOptions>
      <Version Value="2"/>
      <IgnoreBinaries Value="False"/>
      <IncludeFileFilter Value="*.(pas|pp|inc|lfm|lpr|lrs|lpi|lpk|sh|xml)"/>
      <ExcludeFileFilter Value="*.(bak|ppu|ppw|o|so);*~;backup"/>
    </PublishOptions>
    <RunParams>
      <local>
        <FormatVersion Value="1"/>
        <LaunchingApplication PathPlusParams="/usr/X11R6/bin/xterm -T 'Lazarus Run Output' -e $(LazarusDir)/tools/runwait.sh $(TargetCmdLine)"/>
      </local>
    </RunParams>
    <RequiredPackages Count="2">
      <Item1>
        <PackageName Value="SynEdit"/>
        <MinVersion Major="1" Valid="True"/>
      </Item1>
      <Item2>
        <PackageName Value="LCL"/>
      </Item2>
    </RequiredPackages>
    <Units Count="187">
      <Unit0>
        <Filename Value="cheatengine.lpr"/>
        <IsPartOfProject Value="True"/>
        <UnitName Value="cheatengine"/>
        <WindowIndex Value="0"/>
        <TopLine Value="40"/>
        <CursorPos X="1" Y="71"/>
        <UsageCount Value="211"/>
        <DefaultSyntaxHighlighter Value="Delphi"/>
      </Unit0>
      <Unit1>
        <Filename Value="bogus.pas"/>
        <IsPartOfProject Value="True"/>
        <ComponentName Value="Form1"/>
        <ResourceBaseClass Value="Form"/>
        <UnitName Value="bogus"/>
        <WindowIndex Value="0"/>
        <TopLine Value="1"/>
        <CursorPos X="15" Y="6"/>
        <UsageCount Value="211"/>
        <DefaultSyntaxHighlighter Value="Delphi"/>
      </Unit1>
      <Unit2>
        <Filename Value="MainUnit.pas"/>
        <IsPartOfProject Value="True"/>
        <ComponentName Value="MainForm"/>
        <ResourceBaseClass Value="Form"/>
        <UnitName Value="MainUnit"/>
        <WindowIndex Value="0"/>
        <TopLine Value="4626"/>
        <CursorPos X="45" Y="4687"/>
        <UsageCount Value="211"/>
        <Bookmarks Count="1">
          <Item0 X="1" Y="1685" ID="2"/>
        </Bookmarks>
        <DefaultSyntaxHighlighter Value="Delphi"/>
      </Unit2>
      <Unit3>
        <Filename Value="NewKernelHandler.pas"/>
        <IsPartOfProject Value="True"/>
        <UnitName Value="NewKernelHandler"/>
        <EditorIndex Value="13"/>
        <WindowIndex Value="0"/>
        <TopLine Value="737"/>
        <CursorPos X="84" Y="757"/>
        <UsageCount Value="211"/>
        <Loaded Value="True"/>
        <DefaultSyntaxHighlighter Value="Delphi"/>
      </Unit3>
      <Unit4>
        <Filename Value="CEFuncProc.pas"/>
        <IsPartOfProject Value="True"/>
        <UnitName Value="CEFuncProc"/>
        <IsVisibleTab Value="True"/>
        <EditorIndex Value="4"/>
        <WindowIndex Value="0"/>
        <TopLine Value="1662"/>
        <CursorPos X="3" Y="1666"/>
        <UsageCount Value="204"/>
        <Loaded Value="True"/>
        <DefaultSyntaxHighlighter Value="Delphi"/>
      </Unit4>
      <Unit5>
        <Filename Value="ProcessHandlerUnit.pas"/>
        <IsPartOfProject Value="True"/>
        <UnitName Value="ProcessHandlerUnit"/>
        <WindowIndex Value="0"/>
        <TopLine Value="27"/>
        <CursorPos X="3" Y="48"/>
        <UsageCount Value="204"/>
        <DefaultSyntaxHighlighter Value="Delphi"/>
      </Unit5>
      <Unit6>
        <Filename Value="symbolhandler.pas"/>
        <IsPartOfProject Value="True"/>
        <UnitName Value="symbolhandler"/>
        <WindowIndex Value="0"/>
        <TopLine Value="471"/>
        <CursorPos X="3" Y="473"/>
        <UsageCount Value="204"/>
        <DefaultSyntaxHighlighter Value="Delphi"/>
      </Unit6>
      <Unit7>
        <Filename Value="Assemblerunit.pas"/>
        <IsPartOfProject Value="True"/>
        <UnitName Value="Assemblerunit"/>
        <WindowIndex Value="0"/>
        <TopLine Value="2972"/>
        <CursorPos X="15" Y="3312"/>
        <UsageCount Value="203"/>
        <DefaultSyntaxHighlighter Value="Delphi"/>
      </Unit7>
      <Unit8>
        <Filename Value="hypermode.pas"/>
        <IsPartOfProject Value="True"/>
        <UnitName Value="hypermode"/>
        <TopLine Value="1"/>
        <CursorPos X="15" Y="11"/>
        <UsageCount Value="200"/>
        <DefaultSyntaxHighlighter Value="Delphi"/>
      </Unit8>
      <Unit9>
        <Filename Value="disassembler.pas"/>
        <IsPartOfProject Value="True"/>
        <UnitName Value="disassembler"/>
        <WindowIndex Value="0"/>
        <TopLine Value="10338"/>
        <CursorPos X="60" Y="10363"/>
        <UsageCount Value="202"/>
        <Bookmarks Count="1">
          <Item0 X="81" Y="514" ID="6"/>
        </Bookmarks>
        <DefaultSyntaxHighlighter Value="Delphi"/>
      </Unit9>
      <Unit10>
        <Filename Value="byteinterpreter.pas"/>
        <IsPartOfProject Value="True"/>
        <UnitName Value="byteinterpreter"/>
        <WindowIndex Value="0"/>
        <TopLine Value="20"/>
        <CursorPos X="27" Y="36"/>
        <UsageCount Value="200"/>
        <DefaultSyntaxHighlighter Value="Delphi"/>
      </Unit10>
      <Unit11>
        <Filename Value="CEDebugger.pas"/>
        <IsPartOfProject Value="True"/>
        <UnitName Value="CEDebugger"/>
        <WindowIndex Value="0"/>
        <TopLine Value="133"/>
        <CursorPos X="43" Y="149"/>
        <UsageCount Value="202"/>
        <DefaultSyntaxHighlighter Value="Delphi"/>
      </Unit11>
      <Unit12>
        <Filename Value="addressparser.pas"/>
        <IsPartOfProject Value="True"/>
        <UnitName Value="addressparser"/>
        <WindowIndex Value="0"/>
        <TopLine Value="267"/>
        <CursorPos X="14" Y="282"/>
        <UsageCount Value="200"/>
        <DefaultSyntaxHighlighter Value="Delphi"/>
      </Unit12>
      <Unit13>
        <Filename Value="autoassembler.pas"/>
        <IsPartOfProject Value="True"/>
        <UnitName Value="autoassembler"/>
        <WindowIndex Value="0"/>
        <TopLine Value="1806"/>
        <CursorPos X="3" Y="1827"/>
        <UsageCount Value="200"/>
        <DefaultSyntaxHighlighter Value="Delphi"/>
      </Unit13>
      <Unit14>
        <Filename Value="plugin.pas"/>
        <IsPartOfProject Value="True"/>
        <UnitName Value="plugin"/>
        <EditorIndex Value="18"/>
        <WindowIndex Value="0"/>
        <TopLine Value="1301"/>
        <CursorPos X="1" Y="1326"/>
        <UsageCount Value="201"/>
        <Loaded Value="True"/>
        <DefaultSyntaxHighlighter Value="Delphi"/>
      </Unit14>
      <Unit15>
        <Filename Value="ProcessWindowUnit.pas"/>
        <IsPartOfProject Value="True"/>
        <ComponentName Value="ProcessWindow"/>
        <ResourceBaseClass Value="Form"/>
        <UnitName Value="ProcessWindowUnit"/>
        <WindowIndex Value="0"/>
        <TopLine Value="329"/>
        <CursorPos X="45" Y="339"/>
        <UsageCount Value="203"/>
        <DefaultSyntaxHighlighter Value="Delphi"/>
      </Unit15>
      <Unit16>
        <Filename Value="MainUnit2.pas"/>
        <IsPartOfProject Value="True"/>
        <UnitName Value="MainUnit2"/>
        <WindowIndex Value="0"/>
        <TopLine Value="293"/>
        <CursorPos X="19" Y="319"/>
        <UsageCount Value="203"/>
        <DefaultSyntaxHighlighter Value="Delphi"/>
      </Unit16>
      <Unit17>
        <Filename Value="Filehandler.pas"/>
        <IsPartOfProject Value="True"/>
        <UnitName Value="Filehandler"/>
        <WindowIndex Value="0"/>
        <TopLine Value="44"/>
        <CursorPos X="22" Y="42"/>
        <UsageCount Value="203"/>
        <DefaultSyntaxHighlighter Value="Delphi"/>
      </Unit17>
      <Unit18>
        <Filename Value="dbvmPhysicalMemoryHandler.pas"/>
        <IsPartOfProject Value="True"/>
        <UnitName Value="dbvmPhysicalMemoryHandler"/>
        <WindowIndex Value="0"/>
        <TopLine Value="19"/>
        <CursorPos X="18" Y="21"/>
        <UsageCount Value="203"/>
        <DefaultSyntaxHighlighter Value="Delphi"/>
      </Unit18>
      <Unit19>
        <Filename Value="formsettingsunit.pas"/>
        <IsPartOfProject Value="True"/>
        <ComponentName Value="formSettings"/>
        <ResourceBaseClass Value="Form"/>
        <UnitName Value="formsettingsunit"/>
        <EditorIndex Value="8"/>
        <WindowIndex Value="0"/>
        <TopLine Value="336"/>
        <CursorPos X="33" Y="346"/>
        <UsageCount Value="203"/>
        <Loaded Value="True"/>
        <LoadedDesigner Value="True"/>
        <DefaultSyntaxHighlighter Value="Delphi"/>
      </Unit19>
      <Unit20>
        <Filename Value="frameHotkeyConfigUnit.pas"/>
        <IsPartOfProject Value="True"/>
        <ComponentName Value="frameHotkeyConfig"/>
        <ResourceBaseClass Value="Frame"/>
        <UnitName Value="frameHotkeyConfigUnit"/>
        <WindowIndex Value="0"/>
        <TopLine Value="26"/>
        <CursorPos X="5" Y="43"/>
        <UsageCount Value="203"/>
        <DefaultSyntaxHighlighter Value="Delphi"/>
      </Unit20>
      <Unit21>
        <Filename Value="hotkeyhandler.pas"/>
        <IsPartOfProject Value="True"/>
        <UnitName Value="HotkeyHandler"/>
        <WindowIndex Value="0"/>
        <TopLine Value="109"/>
        <CursorPos X="3" Y="237"/>
        <UsageCount Value="202"/>
        <DefaultSyntaxHighlighter Value="Delphi"/>
      </Unit21>
      <Unit22>
        <Filename Value="formhotkeyunit.pas"/>
        <IsPartOfProject Value="True"/>
        <ComponentName Value="FormHotkey"/>
        <ResourceBaseClass Value="Form"/>
        <UnitName Value="formhotkeyunit"/>
        <WindowIndex Value="0"/>
        <TopLine Value="6"/>
        <CursorPos X="26" Y="6"/>
        <UsageCount Value="202"/>
        <DefaultSyntaxHighlighter Value="Delphi"/>
      </Unit22>
      <Unit23>
        <Filename Value="AdvancedOptionsUnit.pas"/>
        <IsPartOfProject Value="True"/>
        <ComponentName Value="AdvancedOptions"/>
        <ResourceBaseClass Value="Form"/>
        <UnitName Value="AdvancedOptionsUnit"/>
        <WindowIndex Value="0"/>
        <TopLine Value="599"/>
        <CursorPos X="1" Y="621"/>
        <UsageCount Value="202"/>
        <DefaultSyntaxHighlighter Value="Delphi"/>
      </Unit23>
      <Unit24>
        <Filename Value="inputboxtopunit.pas"/>
        <IsPartOfProject Value="True"/>
        <ComponentName Value="InputboxTop"/>
        <ResourceBaseClass Value="Form"/>
        <UnitName Value="inputboxtopunit"/>
        <WindowIndex Value="0"/>
        <TopLine Value="138"/>
        <CursorPos X="26" Y="146"/>
        <UsageCount Value="202"/>
        <DefaultSyntaxHighlighter Value="Delphi"/>
      </Unit24>
      <Unit25>
        <Filename Value="pluginexports.pas"/>
        <IsPartOfProject Value="True"/>
        <UnitName Value="pluginexports"/>
        <WindowIndex Value="0"/>
        <TopLine Value="1"/>
        <CursorPos X="51" Y="593"/>
        <UsageCount Value="201"/>
        <Bookmarks Count="1">
          <Item0 X="1" Y="186" ID="7"/>
        </Bookmarks>
        <DefaultSyntaxHighlighter Value="Delphi"/>
      </Unit25>
      <Unit26>
        <Filename Value="tlgUnit.pas"/>
        <IsPartOfProject Value="True"/>
        <ComponentName Value="tlg"/>
        <ResourceBaseClass Value="Form"/>
        <UnitName Value="tlgUnit"/>
        <TopLine Value="1"/>
        <CursorPos X="52" Y="27"/>
        <UsageCount Value="201"/>
        <DefaultSyntaxHighlighter Value="Delphi"/>
      </Unit26>
      <Unit27>
        <Filename Value="aboutunit.pas"/>
        <IsPartOfProject Value="True"/>
        <ComponentName Value="About"/>
        <ResourceBaseClass Value="Form"/>
        <UnitName Value="aboutunit"/>
        <WindowIndex Value="0"/>
        <TopLine Value="158"/>
        <CursorPos X="25" Y="165"/>
        <UsageCount Value="201"/>
        <DefaultSyntaxHighlighter Value="Delphi"/>
      </Unit27>
      <Unit28>
        <Filename Value="frmProcesswatcherExtraUnit.pas"/>
        <IsPartOfProject Value="True"/>
        <ComponentName Value="frmProcessWatcherExtra"/>
        <ResourceBaseClass Value="Form"/>
        <UnitName Value="frmProcesswatcherExtraUnit"/>
        <TopLine Value="1"/>
        <CursorPos X="28" Y="25"/>
        <UsageCount Value="201"/>
        <DefaultSyntaxHighlighter Value="Delphi"/>
      </Unit28>
      <Unit29>
        <Filename Value="frmProcessWatcherUnit.pas"/>
        <IsPartOfProject Value="True"/>
        <ComponentName Value="frmProcessWatcher"/>
        <ResourceBaseClass Value="Form"/>
        <UnitName Value="frmProcessWatcherUnit"/>
        <WindowIndex Value="0"/>
        <TopLine Value="311"/>
        <CursorPos X="1" Y="332"/>
        <UsageCount Value="201"/>
        <DefaultSyntaxHighlighter Value="Delphi"/>
      </Unit29>
      <Unit30>
        <Filename Value="ModuleSafetyUnit.pas"/>
        <IsPartOfProject Value="True"/>
        <ComponentName Value="frmModuleSafety"/>
        <ResourceBaseClass Value="Form"/>
        <UnitName Value="ModuleSafetyUnit"/>
        <TopLine Value="1"/>
        <CursorPos X="144" Y="32"/>
        <UsageCount Value="201"/>
        <DefaultSyntaxHighlighter Value="Delphi"/>
      </Unit30>
      <Unit31>
        <Filename Value="frmExcludeHideUnit.pas"/>
        <IsPartOfProject Value="True"/>
        <ComponentName Value="frmExcludeHide"/>
        <ResourceBaseClass Value="Form"/>
        <UnitName Value="frmExcludeHideUnit"/>
        <TopLine Value="87"/>
        <CursorPos X="23" Y="94"/>
        <UsageCount Value="200"/>
        <DefaultSyntaxHighlighter Value="Delphi"/>
      </Unit31>
      <Unit32>
        <Filename Value="ConfigUnrandomizerFrm.pas"/>
        <IsPartOfProject Value="True"/>
        <ComponentName Value="frmConfigUnrandomizer"/>
        <ResourceBaseClass Value="Form"/>
        <UnitName Value="ConfigUnrandomizerFrm"/>
        <TopLine Value="1"/>
        <CursorPos X="38" Y="18"/>
        <UsageCount Value="200"/>
        <DefaultSyntaxHighlighter Value="Delphi"/>
      </Unit32>
      <Unit33>
        <Filename Value="AddAddress.pas"/>
        <IsPartOfProject Value="True"/>
        <ComponentName Value="AddForm"/>
        <ResourceBaseClass Value="Form"/>
        <UnitName Value="AddAddress"/>
        <WindowIndex Value="0"/>
        <TopLine Value="418"/>
        <CursorPos X="7" Y="445"/>
        <UsageCount Value="212"/>
        <DefaultSyntaxHighlighter Value="Delphi"/>
      </Unit33>
      <Unit34>
        <Filename Value="HotKeys.pas"/>
        <IsPartOfProject Value="True"/>
        <ComponentName Value="HotKeyForm"/>
        <ResourceBaseClass Value="Form"/>
        <UnitName Value="HotKeys"/>
        <WindowIndex Value="0"/>
        <TopLine Value="83"/>
        <CursorPos X="40" Y="95"/>
        <UsageCount Value="211"/>
        <DefaultSyntaxHighlighter Value="Delphi"/>
      </Unit34>
      <Unit35>
        <Filename Value="TypePopup.pas"/>
        <IsPartOfProject Value="True"/>
        <ComponentName Value="TypeForm"/>
        <ResourceBaseClass Value="Form"/>
        <UnitName Value="TypePopup"/>
        <WindowIndex Value="0"/>
        <TopLine Value="179"/>
        <CursorPos X="52" Y="187"/>
        <UsageCount Value="210"/>
        <DefaultSyntaxHighlighter Value="Delphi"/>
      </Unit35>
      <Unit36>
        <Filename Value="CommentsUnit.pas"/>
        <IsPartOfProject Value="True"/>
        <ComponentName Value="Comments"/>
        <ResourceBaseClass Value="Form"/>
        <UnitName Value="CommentsUnit"/>
        <WindowIndex Value="0"/>
        <TopLine Value="57"/>
        <CursorPos X="3" Y="79"/>
        <UsageCount Value="210"/>
        <DefaultSyntaxHighlighter Value="Delphi"/>
      </Unit36>
      <Unit37>
        <Filename Value="FoundCodeUnit.pas"/>
        <IsPartOfProject Value="True"/>
        <ComponentName Value="FoundCodeDialog"/>
        <ResourceBaseClass Value="Form"/>
        <UnitName Value="FoundCodeUnit"/>
        <WindowIndex Value="0"/>
        <TopLine Value="64"/>
        <CursorPos X="18" Y="85"/>
        <UsageCount Value="210"/>
        <DefaultSyntaxHighlighter Value="Delphi"/>
      </Unit37>
      <Unit38>
        <Filename Value="foundlisthelper.pas"/>
        <IsPartOfProject Value="True"/>
        <UnitName Value="foundlisthelper"/>
        <WindowIndex Value="0"/>
        <TopLine Value="291"/>
        <CursorPos X="1" Y="291"/>
        <UsageCount Value="210"/>
        <DefaultSyntaxHighlighter Value="Delphi"/>
      </Unit38>
      <Unit39>
        <Filename Value="unrandomizer.pas"/>
        <IsPartOfProject Value="True"/>
        <UnitName Value="unrandomizer"/>
        <WindowIndex Value="0"/>
        <TopLine Value="112"/>
        <CursorPos X="42" Y="128"/>
        <UsageCount Value="209"/>
        <DefaultSyntaxHighlighter Value="Delphi"/>
      </Unit39>
      <Unit40>
        <Filename Value="SaveFirstScan.pas"/>
        <IsPartOfProject Value="True"/>
        <UnitName Value="SaveFirstScan"/>
        <WindowIndex Value="0"/>
        <TopLine Value="1"/>
        <CursorPos X="1" Y="14"/>
        <UsageCount Value="209"/>
        <DefaultSyntaxHighlighter Value="Delphi"/>
      </Unit40>
      <Unit41>
        <Filename Value="memscan.pas"/>
        <IsPartOfProject Value="True"/>
        <UnitName Value="memscan"/>
        <WindowIndex Value="0"/>
        <TopLine Value="3192"/>
        <CursorPos X="54" Y="3208"/>
        <UsageCount Value="209"/>
        <Bookmarks Count="1">
          <Item0 X="54" Y="3208" ID="8"/>
        </Bookmarks>
        <DefaultSyntaxHighlighter Value="Delphi"/>
      </Unit41>
      <Unit42>
        <Filename Value="firstscanhandler.pas"/>
        <IsPartOfProject Value="True"/>
        <UnitName Value="firstscanhandler"/>
        <WindowIndex Value="0"/>
        <TopLine Value="279"/>
        <CursorPos X="80" Y="295"/>
        <UsageCount Value="209"/>
        <DefaultSyntaxHighlighter Value="Delphi"/>
      </Unit42>
      <Unit43>
        <Filename Value="formScanningUnit.pas"/>
        <IsPartOfProject Value="True"/>
        <ComponentName Value="formScanning"/>
        <ResourceBaseClass Value="Form"/>
        <UnitName Value="formScanningUnit"/>
        <TopLine Value="6"/>
        <CursorPos X="5" Y="30"/>
        <UsageCount Value="208"/>
        <Bookmarks Count="1">
          <Item0 X="5" Y="30" ID="8"/>
        </Bookmarks>
        <DefaultSyntaxHighlighter Value="Delphi"/>
      </Unit43>
      <Unit44>
        <Filename Value="KernelDebugger.pas"/>
        <IsPartOfProject Value="True"/>
        <UnitName Value="KernelDebugger"/>
        <WindowIndex Value="0"/>
        <TopLine Value="313"/>
        <CursorPos X="5" Y="275"/>
        <UsageCount Value="204"/>
        <DefaultSyntaxHighlighter Value="Delphi"/>
      </Unit44>
      <Unit45>
        <Filename Value="formDifferentBitSizeUnit.pas"/>
        <IsPartOfProject Value="True"/>
        <ComponentName Value="formDifferentBitSize"/>
        <ResourceBaseClass Value="Form"/>
        <UnitName Value="formDifferentBitSizeUnit"/>
        <TopLine Value="1"/>
        <CursorPos X="21" Y="8"/>
        <UsageCount Value="203"/>
        <DefaultSyntaxHighlighter Value="Delphi"/>
      </Unit45>
      <Unit46>
        <Filename Value="formAddressChangeUnit.pas"/>
        <IsPartOfProject Value="True"/>
        <ComponentName Value="formAddressChange"/>
        <ResourceBaseClass Value="Form"/>
        <UnitName Value="formAddressChangeUnit"/>
        <WindowIndex Value="0"/>
        <TopLine Value="372"/>
        <CursorPos X="1" Y="388"/>
        <UsageCount Value="203"/>
        <DefaultSyntaxHighlighter Value="Delphi"/>
      </Unit46>
      <Unit47>
        <Filename Value="Changeoffsetunit.pas"/>
        <IsPartOfProject Value="True"/>
        <ComponentName Value="ChangeOffset"/>
        <ResourceBaseClass Value="Form"/>
        <UnitName Value="Changeoffsetunit"/>
        <WindowIndex Value="0"/>
        <TopLine Value="12"/>
        <CursorPos X="21" Y="17"/>
        <UsageCount Value="203"/>
        <DefaultSyntaxHighlighter Value="Delphi"/>
      </Unit47>
      <Unit48>
        <Filename Value="speedhack2.pas"/>
        <IsPartOfProject Value="True"/>
        <UnitName Value="speedhack2"/>
        <WindowIndex Value="0"/>
        <TopLine Value="28"/>
        <CursorPos X="34" Y="36"/>
        <UsageCount Value="202"/>
        <DefaultSyntaxHighlighter Value="Delphi"/>
      </Unit48>
      <Unit49>
        <Filename Value="formPointerOrPointeeUnit.pas"/>
        <IsPartOfProject Value="True"/>
        <ComponentName Value="formPointerOrPointee"/>
        <ResourceBaseClass Value="Form"/>
        <UnitName Value="formPointerOrPointeeUnit"/>
        <TopLine Value="1"/>
        <CursorPos X="1" Y="1"/>
        <UsageCount Value="222"/>
        <DefaultSyntaxHighlighter Value="Delphi"/>
      </Unit49>
      <Unit50>
        <Filename Value="AccessCheck.pas"/>
        <IsPartOfProject Value="True"/>
        <UnitName Value="AccessCheck"/>
        <TopLine Value="1"/>
        <CursorPos X="41" Y="11"/>
        <UsageCount Value="222"/>
        <DefaultSyntaxHighlighter Value="Delphi"/>
      </Unit50>
      <Unit51>
        <Filename Value="formmemoryregionsunit.pas"/>
        <IsPartOfProject Value="True"/>
        <ComponentName Value="FormMemoryRegions"/>
        <ResourceBaseClass Value="Form"/>
        <UnitName Value="formmemoryregionsunit"/>
        <WindowIndex Value="0"/>
        <TopLine Value="223"/>
        <CursorPos X="3" Y="231"/>
        <UsageCount Value="221"/>
        <DefaultSyntaxHighlighter Value="Delphi"/>
      </Unit51>
      <Unit52>
        <Filename Value="OpenSave.pas"/>
        <IsPartOfProject Value="True"/>
        <UnitName Value="OpenSave"/>
        <EditorIndex Value="1"/>
        <WindowIndex Value="0"/>
        <TopLine Value="421"/>
        <CursorPos X="15" Y="426"/>
        <ExtraEditorCount Value="1"/>
        <ExtraEditor1>
          <WindowIndex Value="1"/>
          <TopLine Value="805"/>
          <CursorPos X="54" Y="824"/>
        </ExtraEditor1>
        <UsageCount Value="221"/>
        <Bookmarks Count="1">
          <Item0 X="3" Y="732" ID="0"/>
        </Bookmarks>
        <Loaded Value="True"/>
        <DefaultSyntaxHighlighter Value="Delphi"/>
      </Unit52>
      <Unit53>
        <Filename Value="formProcessInfo.pas"/>
        <IsPartOfProject Value="True"/>
        <ComponentName Value="frmProcessInfo"/>
        <ResourceBaseClass Value="Form"/>
        <UnitName Value="formProcessInfo"/>
        <WindowIndex Value="0"/>
        <TopLine Value="48"/>
        <CursorPos X="39" Y="60"/>
        <UsageCount Value="221"/>
        <DefaultSyntaxHighlighter Value="Delphi"/>
      </Unit53>
      <Unit54>
        <Filename Value="frmautoinjectunit.pas"/>
        <IsPartOfProject Value="True"/>
        <ComponentName Value="frmAutoInject"/>
        <ResourceBaseClass Value="Form"/>
        <UnitName Value="frmautoinjectunit"/>
        <WindowIndex Value="0"/>
        <TopLine Value="127"/>
        <CursorPos X="1" Y="142"/>
        <UsageCount Value="221"/>
        <DefaultSyntaxHighlighter Value="Delphi"/>
      </Unit54>
      <Unit55>
        <Filename Value="underc.pas"/>
        <IsPartOfProject Value="True"/>
        <UnitName Value="underc"/>
        <WindowIndex Value="0"/>
        <TopLine Value="280"/>
        <CursorPos X="122" Y="288"/>
        <UsageCount Value="220"/>
        <DefaultSyntaxHighlighter Value="Delphi"/>
      </Unit55>
      <Unit56>
        <Filename Value="MenuItemExtra.pas"/>
        <IsPartOfProject Value="True"/>
        <UnitName Value="MenuItemExtra"/>
        <TopLine Value="1"/>
        <CursorPos X="1" Y="1"/>
        <UsageCount Value="220"/>
        <DefaultSyntaxHighlighter Value="Delphi"/>
      </Unit56>
      <Unit57>
        <Filename Value="MemoryBrowserFormUnit.pas"/>
        <IsPartOfProject Value="True"/>
        <ComponentName Value="MemoryBrowser"/>
        <ResourceBaseClass Value="Form"/>
        <UnitName Value="MemoryBrowserFormUnit"/>
        <EditorIndex Value="0"/>
        <WindowIndex Value="0"/>
        <TopLine Value="1544"/>
        <CursorPos X="28" Y="1567"/>
        <UsageCount Value="220"/>
        <Loaded Value="True"/>
        <LoadedDesigner Value="True"/>
        <DefaultSyntaxHighlighter Value="Delphi"/>
      </Unit57>
      <Unit58>
        <Filename Value="disassemblerviewlinesunit.pas"/>
        <IsPartOfProject Value="True"/>
        <UnitName Value="disassemblerviewlinesunit"/>
        <WindowIndex Value="0"/>
        <TopLine Value="76"/>
        <CursorPos X="36" Y="100"/>
        <UsageCount Value="218"/>
        <DefaultSyntaxHighlighter Value="Delphi"/>
      </Unit58>
      <Unit59>
        <Filename Value="disassemblerviewunit.pas"/>
        <IsPartOfProject Value="True"/>
        <UnitName Value="disassemblerviewunit"/>
        <WindowIndex Value="0"/>
        <TopLine Value="638"/>
        <CursorPos X="33" Y="663"/>
        <UsageCount Value="218"/>
        <DefaultSyntaxHighlighter Value="Delphi"/>
      </Unit59>
      <Unit60>
        <Filename Value="PasteTableentryFRM.pas"/>
        <IsPartOfProject Value="True"/>
        <ComponentName Value="frmPasteTableentry"/>
        <ResourceBaseClass Value="Form"/>
        <UnitName Value="PasteTableentryFRM"/>
        <TopLine Value="1"/>
        <CursorPos X="3" Y="12"/>
        <UsageCount Value="217"/>
        <DefaultSyntaxHighlighter Value="Delphi"/>
      </Unit60>
      <Unit61>
        <Filename Value="frmBreakpointlistunit.pas"/>
        <IsPartOfProject Value="True"/>
        <ComponentName Value="frmBreakpointlist"/>
        <ResourceBaseClass Value="Form"/>
        <UnitName Value="frmBreakpointlistunit"/>
        <EditorIndex Value="16"/>
        <WindowIndex Value="0"/>
        <TopLine Value="48"/>
        <CursorPos X="27" Y="64"/>
        <UsageCount Value="206"/>
        <Loaded Value="True"/>
        <LoadedDesigner Value="True"/>
        <DefaultSyntaxHighlighter Value="Delphi"/>
      </Unit61>
      <Unit62>
        <Filename Value="DissectCodeThread.pas"/>
        <IsPartOfProject Value="True"/>
        <UnitName Value="DissectCodeThread"/>
        <WindowIndex Value="0"/>
        <TopLine Value="1"/>
        <CursorPos X="1" Y="3"/>
        <UsageCount Value="204"/>
        <DefaultSyntaxHighlighter Value="Delphi"/>
      </Unit62>
      <Unit63>
        <Filename Value="DissectCodeunit.pas"/>
        <IsPartOfProject Value="True"/>
        <ComponentName Value="frmDissectCode"/>
        <ResourceBaseClass Value="Form"/>
        <UnitName Value="DissectCodeunit"/>
        <WindowIndex Value="0"/>
        <TopLine Value="231"/>
        <CursorPos X="44" Y="246"/>
        <UsageCount Value="204"/>
        <DefaultSyntaxHighlighter Value="Delphi"/>
      </Unit63>
      <Unit64>
        <Filename Value="Valuechange.pas"/>
        <IsPartOfProject Value="True"/>
        <ComponentName Value="ValueChangeForm"/>
        <ResourceBaseClass Value="Form"/>
        <UnitName Value="Valuechange"/>
        <TopLine Value="299"/>
        <CursorPos X="32" Y="304"/>
        <UsageCount Value="203"/>
        <DefaultSyntaxHighlighter Value="Delphi"/>
      </Unit64>
      <Unit65>
        <Filename Value="FindWindowUnit.pas"/>
        <IsPartOfProject Value="True"/>
        <ComponentName Value="FindWindow"/>
        <ResourceBaseClass Value="Form"/>
        <UnitName Value="FindWindowUnit"/>
        <WindowIndex Value="0"/>
        <TopLine Value="57"/>
        <CursorPos X="1" Y="77"/>
        <UsageCount Value="203"/>
        <DefaultSyntaxHighlighter Value="Delphi"/>
      </Unit65>
      <Unit66>
        <Filename Value="stacktrace2.pas"/>
        <IsPartOfProject Value="True"/>
        <UnitName Value="stacktrace2"/>
        <WindowIndex Value="0"/>
        <TopLine Value="26"/>
        <CursorPos X="3" Y="54"/>
        <UsageCount Value="203"/>
        <DefaultSyntaxHighlighter Value="Delphi"/>
      </Unit66>
      <Unit67>
        <Filename Value="frmstacktraceunit.pas"/>
        <IsPartOfProject Value="True"/>
        <ComponentName Value="frmStacktrace"/>
        <ResourceBaseClass Value="Form"/>
        <UnitName Value="frmstacktraceunit"/>
        <WindowIndex Value="0"/>
        <TopLine Value="91"/>
        <CursorPos X="1" Y="108"/>
        <UsageCount Value="203"/>
        <DefaultSyntaxHighlighter Value="Delphi"/>
      </Unit67>
      <Unit68>
        <Filename Value="frmBreakThreadUnit.pas"/>
        <IsPartOfProject Value="True"/>
        <ComponentName Value="frmbreakthread"/>
        <ResourceBaseClass Value="Form"/>
        <UnitName Value="frmBreakThreadUnit"/>
        <TopLine Value="19"/>
        <CursorPos X="113" Y="43"/>
        <UsageCount Value="200"/>
        <DefaultSyntaxHighlighter Value="Delphi"/>
      </Unit68>
      <Unit69>
        <Filename Value="FormDebugStringsUnit.pas"/>
        <IsPartOfProject Value="True"/>
        <ComponentName Value="FormDebugStrings"/>
        <ResourceBaseClass Value="Form"/>
        <UnitName Value="FormDebugStringsUnit"/>
        <WindowIndex Value="0"/>
        <TopLine Value="11"/>
        <CursorPos X="3" Y="24"/>
        <UsageCount Value="200"/>
        <DefaultSyntaxHighlighter Value="Delphi"/>
      </Unit69>
      <Unit70>
        <Filename Value="frmDissectwindowUnit.pas"/>
        <IsPartOfProject Value="True"/>
        <ComponentName Value="frmdissectWindow"/>
        <ResourceBaseClass Value="Form"/>
        <UnitName Value="frmDissectwindowUnit"/>
        <WindowIndex Value="0"/>
        <TopLine Value="256"/>
        <CursorPos X="69" Y="253"/>
        <UsageCount Value="200"/>
        <DefaultSyntaxHighlighter Value="Delphi"/>
      </Unit70>
      <Unit71>
        <Filename Value="frmCapturedTimersUnit.pas"/>
        <IsPartOfProject Value="True"/>
        <ComponentName Value="frmCapturedTimers"/>
        <ResourceBaseClass Value="Form"/>
        <UnitName Value="frmCapturedTimersUnit"/>
        <TopLine Value="1"/>
        <CursorPos X="12" Y="8"/>
        <UsageCount Value="200"/>
        <DefaultSyntaxHighlighter Value="Delphi"/>
      </Unit71>
      <Unit72>
        <Filename Value="frmEnumerateDLLsUnit.pas"/>
        <IsPartOfProject Value="True"/>
        <ComponentName Value="frmEnumerateDLLs"/>
        <ResourceBaseClass Value="Form"/>
        <UnitName Value="frmEnumerateDLLsUnit"/>
        <WindowIndex Value="0"/>
        <TopLine Value="66"/>
        <CursorPos X="4" Y="89"/>
        <UsageCount Value="200"/>
        <DefaultSyntaxHighlighter Value="Delphi"/>
      </Unit72>
      <Unit73>
        <Filename Value="frmThreadlistunit.pas"/>
        <IsPartOfProject Value="True"/>
        <ComponentName Value="frmThreadlist"/>
        <ResourceBaseClass Value="Form"/>
        <UnitName Value="frmThreadlistunit"/>
        <WindowIndex Value="0"/>
        <TopLine Value="148"/>
        <CursorPos X="98" Y="155"/>
        <UsageCount Value="206"/>
        <DefaultSyntaxHighlighter Value="Delphi"/>
      </Unit73>
      <Unit74>
        <Filename Value="frmMemoryAllocHandlerUnit.pas"/>
        <IsPartOfProject Value="True"/>
        <ComponentName Value="frmMemoryAllocHandler"/>
        <ResourceBaseClass Value="Form"/>
        <UnitName Value="frmMemoryAllocHandlerUnit"/>
        <WindowIndex Value="0"/>
        <TopLine Value="940"/>
        <CursorPos X="43" Y="957"/>
        <UsageCount Value="206"/>
        <DefaultSyntaxHighlighter Value="Delphi"/>
      </Unit74>
      <Unit75>
        <Filename Value="circularBuffer.pas"/>
        <IsPartOfProject Value="True"/>
        <UnitName Value="circularBuffer"/>
        <WindowIndex Value="0"/>
        <TopLine Value="12"/>
        <CursorPos X="16" Y="27"/>
        <UsageCount Value="206"/>
        <DefaultSyntaxHighlighter Value="Delphi"/>
      </Unit75>
      <Unit76>
        <Filename Value="PEInfoFunctions.pas"/>
        <IsPartOfProject Value="True"/>
        <UnitName Value="PEInfoFunctions"/>
        <WindowIndex Value="0"/>
        <TopLine Value="226"/>
        <CursorPos X="1" Y="232"/>
        <UsageCount Value="206"/>
        <DefaultSyntaxHighlighter Value="Delphi"/>
      </Unit76>
      <Unit77>
        <Filename Value="PEInfounit.pas"/>
        <IsPartOfProject Value="True"/>
        <ComponentName Value="frmPEInfo"/>
        <ResourceBaseClass Value="Form"/>
        <UnitName Value="PEInfounit"/>
        <WindowIndex Value="0"/>
        <TopLine Value="10"/>
        <CursorPos X="45" Y="15"/>
        <UsageCount Value="206"/>
        <DefaultSyntaxHighlighter Value="Delphi"/>
      </Unit77>
      <Unit78>
        <Filename Value="FileMapping.pas"/>
        <IsPartOfProject Value="True"/>
        <UnitName Value="FileMapping"/>
        <TopLine Value="1"/>
        <CursorPos X="15" Y="14"/>
        <UsageCount Value="206"/>
        <DefaultSyntaxHighlighter Value="Delphi"/>
      </Unit78>
      <Unit79>
        <Filename Value="frmHeapsUnit.pas"/>
        <IsPartOfProject Value="True"/>
        <ComponentName Value="frmHeaps"/>
        <ResourceBaseClass Value="Form"/>
        <UnitName Value="frmHeapsUnit"/>
        <TopLine Value="137"/>
        <CursorPos X="93" Y="164"/>
        <UsageCount Value="205"/>
        <DefaultSyntaxHighlighter Value="Delphi"/>
      </Unit79>
      <Unit80>
        <Filename Value="frmFindstaticsUnit.pas"/>
        <IsPartOfProject Value="True"/>
        <ComponentName Value="frmFindStatics"/>
        <ResourceBaseClass Value="Form"/>
        <UnitName Value="frmFindstaticsUnit"/>
        <WindowIndex Value="0"/>
        <TopLine Value="95"/>
        <CursorPos X="42" Y="110"/>
        <UsageCount Value="205"/>
        <DefaultSyntaxHighlighter Value="Delphi"/>
      </Unit80>
      <Unit81>
        <Filename Value="frmModifyRegistersUnit.pas"/>
        <IsPartOfProject Value="True"/>
        <ComponentName Value="frmModifyRegisters"/>
        <ResourceBaseClass Value="Form"/>
        <UnitName Value="frmModifyRegistersUnit"/>
        <WindowIndex Value="0"/>
        <TopLine Value="352"/>
        <CursorPos X="3" Y="464"/>
        <UsageCount Value="205"/>
        <DefaultSyntaxHighlighter Value="Delphi"/>
      </Unit81>
      <Unit82>
        <Filename Value="savedisassemblyfrm.pas"/>
        <IsPartOfProject Value="True"/>
        <ComponentName Value="frmSavedisassembly"/>
        <ResourceBaseClass Value="Form"/>
        <UnitName Value="savedisassemblyfrm"/>
        <WindowIndex Value="0"/>
        <TopLine Value="191"/>
        <CursorPos X="151" Y="208"/>
        <UsageCount Value="205"/>
        <DefaultSyntaxHighlighter Value="Delphi"/>
      </Unit82>
      <Unit83>
        <Filename Value="frmSaveMemoryRegionUnit.pas"/>
        <IsPartOfProject Value="True"/>
        <ComponentName Value="frmSaveMemoryRegion"/>
        <ResourceBaseClass Value="Form"/>
        <UnitName Value="frmSaveMemoryRegionUnit"/>
        <WindowIndex Value="0"/>
        <TopLine Value="88"/>
        <CursorPos X="45" Y="100"/>
        <UsageCount Value="205"/>
        <DefaultSyntaxHighlighter Value="Delphi"/>
      </Unit83>
      <Unit84>
        <Filename Value="frmLoadMemoryunit.pas"/>
        <IsPartOfProject Value="True"/>
        <ComponentName Value="frmLoadMemory"/>
        <ResourceBaseClass Value="Form"/>
        <UnitName Value="frmLoadMemoryunit"/>
        <WindowIndex Value="0"/>
        <TopLine Value="173"/>
        <CursorPos X="12" Y="197"/>
        <UsageCount Value="205"/>
        <DefaultSyntaxHighlighter Value="Delphi"/>
      </Unit84>
      <Unit85>
        <Filename Value="formAddToCodeList.pas"/>
        <IsPartOfProject Value="True"/>
        <ComponentName Value="frmAddToCodeList"/>
        <ResourceBaseClass Value="Form"/>
        <UnitName Value="formAddToCodeList"/>
        <TopLine Value="9"/>
        <CursorPos X="35" Y="26"/>
        <UsageCount Value="205"/>
        <DefaultSyntaxHighlighter Value="Delphi"/>
      </Unit85>
      <Unit86>
        <Filename Value="frmFillMemoryUnit.pas"/>
        <IsPartOfProject Value="True"/>
        <ComponentName Value="frmFillMemory"/>
        <ResourceBaseClass Value="Form"/>
        <UnitName Value="frmFillMemoryUnit"/>
        <WindowIndex Value="0"/>
        <TopLine Value="61"/>
        <CursorPos X="33" Y="73"/>
        <UsageCount Value="205"/>
        <DefaultSyntaxHighlighter Value="Delphi"/>
      </Unit86>
      <Unit87>
        <Filename Value="frmCodecaveScannerUnit.pas"/>
        <IsPartOfProject Value="True"/>
        <ComponentName Value="frmCodecaveScanner"/>
        <ResourceBaseClass Value="Form"/>
        <UnitName Value="frmCodecaveScannerUnit"/>
        <WindowIndex Value="0"/>
        <TopLine Value="118"/>
        <CursorPos X="36" Y="133"/>
        <UsageCount Value="205"/>
        <DefaultSyntaxHighlighter Value="Delphi"/>
      </Unit87>
      <Unit88>
        <Filename Value="frmFunctionlistUnit.pas"/>
        <IsPartOfProject Value="True"/>
        <ComponentName Value="frmFunctionList"/>
        <ResourceBaseClass Value="Form"/>
        <UnitName Value="frmFunctionlistUnit"/>
        <WindowIndex Value="0"/>
        <TopLine Value="9"/>
        <CursorPos X="17" Y="24"/>
        <UsageCount Value="205"/>
        <DefaultSyntaxHighlighter Value="Delphi"/>
      </Unit88>
      <Unit89>
        <Filename Value="symbolconfigunit.pas"/>
        <IsPartOfProject Value="True"/>
        <ComponentName Value="frmSymbolhandler"/>
        <ResourceBaseClass Value="Form"/>
        <UnitName Value="symbolconfigunit"/>
        <TopLine Value="1"/>
        <CursorPos X="40" Y="10"/>
        <UsageCount Value="205"/>
        <DefaultSyntaxHighlighter Value="Delphi"/>
      </Unit89>
      <Unit90>
        <Filename Value="frmFloatingPointPanelUnit.pas"/>
        <IsPartOfProject Value="True"/>
        <ComponentName Value="frmFloatingPointPanel"/>
        <ResourceBaseClass Value="Form"/>
        <UnitName Value="frmFloatingPointPanelUnit"/>
        <WindowIndex Value="0"/>
        <TopLine Value="254"/>
        <CursorPos X="24" Y="271"/>
        <UsageCount Value="205"/>
        <DefaultSyntaxHighlighter Value="Delphi"/>
      </Unit90>
      <Unit91>
        <Filename Value="frmTracerUnit.pas"/>
        <IsPartOfProject Value="True"/>
        <ComponentName Value="frmTracer"/>
        <ResourceBaseClass Value="Form"/>
        <UnitName Value="frmTracerUnit"/>
        <EditorIndex Value="2"/>
        <WindowIndex Value="0"/>
        <TopLine Value="328"/>
        <CursorPos X="65" Y="369"/>
        <UsageCount Value="205"/>
        <Loaded Value="True"/>
        <LoadedDesigner Value="True"/>
        <DefaultSyntaxHighlighter Value="Delphi"/>
      </Unit91>
      <Unit92>
        <Filename Value="DriverList.pas"/>
        <IsPartOfProject Value="True"/>
        <ComponentName Value="frmDriverlist"/>
        <ResourceBaseClass Value="Form"/>
        <UnitName Value="DriverList"/>
        <WindowIndex Value="0"/>
        <TopLine Value="63"/>
        <CursorPos X="5" Y="78"/>
        <UsageCount Value="205"/>
        <DefaultSyntaxHighlighter Value="Delphi"/>
      </Unit92>
      <Unit93>
        <Filename Value="formChangedAddresses.pas"/>
        <IsPartOfProject Value="True"/>
        <ComponentName Value="frmChangedAddresses"/>
        <ResourceBaseClass Value="Form"/>
        <UnitName Value="formChangedAddresses"/>
        <WindowIndex Value="0"/>
        <TopLine Value="186"/>
        <CursorPos X="23" Y="195"/>
        <UsageCount Value="205"/>
        <DefaultSyntaxHighlighter Value="Delphi"/>
      </Unit93>
      <Unit94>
        <Filename Value="frmRegistersunit.pas"/>
        <IsPartOfProject Value="True"/>
        <ComponentName Value="Registers"/>
        <ResourceBaseClass Value="Form"/>
        <UnitName Value="frmRegistersunit"/>
        <WindowIndex Value="0"/>
        <TopLine Value="304"/>
        <CursorPos X="31" Y="330"/>
        <UsageCount Value="205"/>
        <DefaultSyntaxHighlighter Value="Delphi"/>
      </Unit94>
      <Unit95>
        <Filename Value="frmGDTunit.pas"/>
        <IsPartOfProject Value="True"/>
        <ComponentName Value="frmGDTinfo"/>
        <ResourceBaseClass Value="Form"/>
        <UnitName Value="frmGDTunit"/>
        <WindowIndex Value="0"/>
        <TopLine Value="70"/>
        <CursorPos X="60" Y="85"/>
        <UsageCount Value="205"/>
        <DefaultSyntaxHighlighter Value="Delphi"/>
      </Unit95>
      <Unit96>
        <Filename Value="frmIDTunit.pas"/>
        <IsPartOfProject Value="True"/>
        <ComponentName Value="frmIDT"/>
        <ResourceBaseClass Value="Form"/>
        <UnitName Value="frmIDTunit"/>
        <WindowIndex Value="0"/>
        <TopLine Value="36"/>
        <CursorPos X="21" Y="44"/>
        <UsageCount Value="205"/>
        <DefaultSyntaxHighlighter Value="Delphi"/>
      </Unit96>
      <Unit97>
        <Filename Value="frmDisassemblyscanunit.pas"/>
        <IsPartOfProject Value="True"/>
        <ComponentName Value="frmDisassemblyscan"/>
        <ResourceBaseClass Value="Form"/>
        <UnitName Value="frmDisassemblyscanunit"/>
        <WindowIndex Value="0"/>
        <TopLine Value="1"/>
        <CursorPos X="16" Y="9"/>
        <UsageCount Value="204"/>
        <DefaultSyntaxHighlighter Value="Delphi"/>
      </Unit97>
      <Unit98>
        <Filename Value="frmReferencedStringsUnit.pas"/>
        <IsPartOfProject Value="True"/>
        <ComponentName Value="frmReferencedStrings"/>
        <ResourceBaseClass Value="Form"/>
        <UnitName Value="frmReferencedStringsUnit"/>
        <WindowIndex Value="0"/>
        <TopLine Value="205"/>
        <CursorPos X="96" Y="217"/>
        <UsageCount Value="204"/>
        <DefaultSyntaxHighlighter Value="Delphi"/>
      </Unit98>
      <Unit99>
        <Filename Value="Structuresfrm.pas"/>
        <IsPartOfProject Value="True"/>
        <ComponentName Value="frmStructures"/>
        <ResourceBaseClass Value="Form"/>
        <UnitName Value="Structuresfrm"/>
        <WindowIndex Value="0"/>
        <TopLine Value="2470"/>
        <CursorPos X="3" Y="2473"/>
        <UsageCount Value="204"/>
        <DefaultSyntaxHighlighter Value="Delphi"/>
      </Unit99>
      <Unit100>
        <Filename Value="StructuresAddElementfrm.pas"/>
        <IsPartOfProject Value="True"/>
        <ComponentName Value="frmStructuresAddElement"/>
        <ResourceBaseClass Value="Form"/>
        <UnitName Value="StructuresAddElementfrm"/>
        <WindowIndex Value="0"/>
        <TopLine Value="43"/>
        <CursorPos X="67" Y="60"/>
        <UsageCount Value="204"/>
        <DefaultSyntaxHighlighter Value="Delphi"/>
      </Unit100>
      <Unit101>
        <Filename Value="PointerscannerSettingsFrm.pas"/>
        <IsPartOfProject Value="True"/>
        <ComponentName Value="frmPointerScannerSettings"/>
        <ResourceBaseClass Value="Form"/>
        <UnitName Value="PointerscannerSettingsFrm"/>
        <WindowIndex Value="0"/>
        <TopLine Value="212"/>
        <CursorPos X="11" Y="214"/>
        <UsageCount Value="204"/>
        <DefaultSyntaxHighlighter Value="Delphi"/>
      </Unit101>
      <Unit102>
        <Filename Value="simpleaobscanner.pas"/>
        <IsPartOfProject Value="True"/>
        <UnitName Value="simpleaobscanner"/>
        <WindowIndex Value="0"/>
        <TopLine Value="20"/>
        <CursorPos X="121" Y="40"/>
        <UsageCount Value="204"/>
        <DefaultSyntaxHighlighter Value="Delphi"/>
      </Unit102>
      <Unit103>
        <Filename Value="PointerscanresultReader.pas"/>
        <IsPartOfProject Value="True"/>
        <UnitName Value="PointerscanresultReader"/>
        <WindowIndex Value="0"/>
        <TopLine Value="250"/>
        <CursorPos X="3" Y="204"/>
        <UsageCount Value="204"/>
        <DefaultSyntaxHighlighter Value="Delphi"/>
      </Unit103>
      <Unit104>
        <Filename Value="pointervaluelist.pas"/>
        <IsPartOfProject Value="True"/>
        <UnitName Value="pointervaluelist"/>
        <WindowIndex Value="0"/>
        <TopLine Value="104"/>
        <CursorPos X="1" Y="117"/>
        <UsageCount Value="204"/>
        <DefaultSyntaxHighlighter Value="Delphi"/>
      </Unit104>
      <Unit105>
        <Filename Value="pointerscannerfrm.pas"/>
        <IsPartOfProject Value="True"/>
        <ComponentName Value="frmPointerScanner"/>
        <ResourceBaseClass Value="Form"/>
        <UnitName Value="pointerscannerfrm"/>
        <WindowIndex Value="0"/>
        <TopLine Value="282"/>
        <CursorPos X="20" Y="294"/>
        <UsageCount Value="204"/>
        <DefaultSyntaxHighlighter Value="Delphi"/>
      </Unit105>
      <Unit106>
        <Filename Value="rescanhelper.pas"/>
        <IsPartOfProject Value="True"/>
        <UnitName Value="rescanhelper"/>
        <TopLine Value="22"/>
        <CursorPos X="19" Y="289"/>
        <UsageCount Value="204"/>
        <DefaultSyntaxHighlighter Value="Delphi"/>
      </Unit106>
      <Unit107>
        <Filename Value="VirtualMemory.pas"/>
        <IsPartOfProject Value="True"/>
        <UnitName Value="VirtualMemory"/>
        <WindowIndex Value="0"/>
        <TopLine Value="182"/>
        <CursorPos X="21" Y="197"/>
        <UsageCount Value="204"/>
        <DefaultSyntaxHighlighter Value="Delphi"/>
      </Unit107>
      <Unit108>
        <Filename Value="ValueFinder.pas"/>
        <IsPartOfProject Value="True"/>
        <UnitName Value="ValueFinder"/>
        <TopLine Value="79"/>
        <CursorPos X="1" Y="1"/>
        <UsageCount Value="204"/>
        <DefaultSyntaxHighlighter Value="Delphi"/>
      </Unit108>
      <Unit109>
        <Filename Value="frmRescanPointerUnit.pas"/>
        <IsPartOfProject Value="True"/>
        <ComponentName Value="frmRescanPointer"/>
        <ResourceBaseClass Value="Form"/>
        <UnitName Value="frmRescanPointerUnit"/>
        <TopLine Value="1"/>
        <CursorPos X="35" Y="6"/>
        <UsageCount Value="204"/>
        <DefaultSyntaxHighlighter Value="Delphi"/>
      </Unit109>
      <Unit110>
        <Filename Value="SyncObjs2.pas"/>
        <IsPartOfProject Value="True"/>
        <UnitName Value="SyncObjs2"/>
        <TopLine Value="1"/>
        <CursorPos X="15" Y="7"/>
        <UsageCount Value="204"/>
        <DefaultSyntaxHighlighter Value="Delphi"/>
      </Unit110>
      <Unit111>
        <Filename Value="ManualModuleLoader.pas"/>
        <IsPartOfProject Value="True"/>
        <UnitName Value="ManualModuleLoader"/>
        <WindowIndex Value="0"/>
        <TopLine Value="273"/>
        <CursorPos X="66" Y="288"/>
        <UsageCount Value="204"/>
        <DefaultSyntaxHighlighter Value="Delphi"/>
      </Unit111>
      <Unit112>
        <Filename Value="SynHighlighterAA.pas"/>
        <IsPartOfProject Value="True"/>
        <UnitName Value="SynHighlighterAA"/>
        <WindowIndex Value="0"/>
        <TopLine Value="586"/>
        <CursorPos X="10" Y="593"/>
        <UsageCount Value="207"/>
        <DefaultSyntaxHighlighter Value="Delphi"/>
      </Unit112>
      <Unit113>
        <Filename Value="APIhooktemplatesettingsfrm.pas"/>
        <IsPartOfProject Value="True"/>
        <ComponentName Value="frmAPIhookTemplateSettings"/>
        <ResourceBaseClass Value="Form"/>
        <UnitName Value="APIhooktemplatesettingsfrm"/>
        <TopLine Value="1"/>
        <CursorPos X="32" Y="1"/>
        <UsageCount Value="221"/>
        <DefaultSyntaxHighlighter Value="Delphi"/>
      </Unit113>
      <Unit114>
        <Filename Value="frmAAEditPrefsUnit.pas"/>
        <IsPartOfProject Value="True"/>
        <ComponentName Value="frmAAEditPrefs"/>
        <ResourceBaseClass Value="Form"/>
        <UnitName Value="frmAAEditPrefsUnit"/>
        <WindowIndex Value="0"/>
        <TopLine Value="87"/>
        <CursorPos X="26" Y="101"/>
        <UsageCount Value="221"/>
        <DefaultSyntaxHighlighter Value="Delphi"/>
      </Unit114>
      <Unit115>
        <Filename Value="hexviewunit.pas"/>
        <IsPartOfProject Value="True"/>
        <UnitName Value="hexviewunit"/>
        <WindowIndex Value="0"/>
        <TopLine Value="1439"/>
        <CursorPos X="17" Y="1467"/>
        <UsageCount Value="208"/>
        <DefaultSyntaxHighlighter Value="Delphi"/>
      </Unit115>
      <Unit116>
        <Filename Value="debugeventhandler.pas"/>
        <IsPartOfProject Value="True"/>
        <UnitName Value="debugeventhandler"/>
        <EditorIndex Value="3"/>
        <WindowIndex Value="0"/>
        <TopLine Value="508"/>
        <CursorPos X="20" Y="524"/>
        <UsageCount Value="209"/>
        <Bookmarks Count="1">
          <Item0 X="1" Y="524" ID="8"/>
        </Bookmarks>
        <Loaded Value="True"/>
        <DefaultSyntaxHighlighter Value="Delphi"/>
      </Unit116>
      <Unit117>
        <Filename Value="guisafecriticalsection.pas"/>
        <IsPartOfProject Value="True"/>
        <UnitName Value="guisafecriticalsection"/>
        <EditorIndex Value="19"/>
        <WindowIndex Value="0"/>
        <TopLine Value="42"/>
        <CursorPos X="1" Y="64"/>
        <UsageCount Value="209"/>
        <Loaded Value="True"/>
        <DefaultSyntaxHighlighter Value="Delphi"/>
      </Unit117>
      <Unit118>
        <Filename Value="debughelper.pas"/>
        <IsPartOfProject Value="True"/>
        <UnitName Value="DebugHelper"/>
        <EditorIndex Value="15"/>
        <WindowIndex Value="0"/>
        <TopLine Value="1112"/>
        <CursorPos X="3" Y="1125"/>
        <UsageCount Value="209"/>
        <Loaded Value="True"/>
        <DefaultSyntaxHighlighter Value="Delphi"/>
      </Unit118>
      <Unit119>
        <Filename Value="formFoundcodeListExtraUnit.pas"/>
        <IsPartOfProject Value="True"/>
        <ComponentName Value="FormFoundCodeListExtra"/>
        <ResourceBaseClass Value="Form"/>
        <UnitName Value="formFoundcodeListExtraUnit"/>
        <WindowIndex Value="0"/>
        <TopLine Value="195"/>
        <CursorPos X="19" Y="63"/>
        <UsageCount Value="208"/>
        <DefaultSyntaxHighlighter Value="Delphi"/>
      </Unit119>
      <Unit120>
        <Filename Value="debuggertypedefinitions.pas"/>
        <IsPartOfProject Value="True"/>
        <UnitName Value="debuggertypedefinitions"/>
        <EditorIndex Value="17"/>
        <WindowIndex Value="0"/>
        <TopLine Value="157"/>
        <CursorPos X="15" Y="182"/>
        <UsageCount Value="200"/>
        <Loaded Value="True"/>
        <DefaultSyntaxHighlighter Value="Delphi"/>
      </Unit120>
      <Unit121>
        <Filename Value="sfloat.pas"/>
        <IsPartOfProject Value="True"/>
        <UnitName Value="sfloat"/>
        <WindowIndex Value="0"/>
        <TopLine Value="531"/>
        <CursorPos X="19" Y="547"/>
        <UsageCount Value="200"/>
        <DefaultSyntaxHighlighter Value="Delphi"/>
      </Unit121>
      <Unit122>
        <Filename Value="addresslist.pas"/>
        <IsPartOfProject Value="True"/>
        <UnitName Value="addresslist"/>
        <WindowIndex Value="0"/>
        <TopLine Value="105"/>
        <CursorPos X="3" Y="108"/>
        <UsageCount Value="203"/>
        <DefaultSyntaxHighlighter Value="Delphi"/>
      </Unit122>
      <Unit123>
        <Filename Value="addresslisthandlerunit.pas"/>
        <IsPartOfProject Value="True"/>
        <UnitName Value="addresslisthandlerunit"/>
        <WindowIndex Value="0"/>
        <TopLine Value="94"/>
        <CursorPos X="7" Y="120"/>
        <UsageCount Value="203"/>
        <DefaultSyntaxHighlighter Value="Delphi"/>
      </Unit123>
      <Unit124>
        <Filename Value="MemoryRecordUnit.pas"/>
        <IsPartOfProject Value="True"/>
        <UnitName Value="MemoryRecordUnit"/>
        <EditorIndex Value="9"/>
        <WindowIndex Value="0"/>
        <TopLine Value="994"/>
        <CursorPos X="18" Y="1021"/>
        <UsageCount Value="215"/>
        <Bookmarks Count="1">
          <Item0 X="8" Y="848" ID="9"/>
        </Bookmarks>
        <Loaded Value="True"/>
        <DefaultSyntaxHighlighter Value="Delphi"/>
      </Unit124>
      <Unit125>
        <Filename Value="ThreadlistExFRM.pas"/>
        <IsPartOfProject Value="True"/>
        <ComponentName Value="frmThreadlistEx"/>
        <ResourceBaseClass Value="Form"/>
        <UnitName Value="ThreadlistExFRM"/>
        <WindowIndex Value="0"/>
        <TopLine Value="39"/>
        <CursorPos X="28" Y="46"/>
        <UsageCount Value="209"/>
        <DefaultSyntaxHighlighter Value="Delphi"/>
      </Unit125>
      <Unit126>
        <Filename Value="windows7taskbar.pas"/>
        <IsPartOfProject Value="True"/>
        <UnitName Value="windows7taskbar"/>
        <WindowIndex Value="0"/>
        <TopLine Value="83"/>
        <CursorPos X="1" Y="90"/>
        <UsageCount Value="204"/>
        <DefaultSyntaxHighlighter Value="Delphi"/>
      </Unit126>
      <Unit127>
        <Filename Value="tablist.pas"/>
        <IsPartOfProject Value="True"/>
        <UnitName Value="tablist"/>
        <WindowIndex Value="0"/>
        <TopLine Value="113"/>
        <CursorPos X="18" Y="143"/>
        <UsageCount Value="213"/>
        <DefaultSyntaxHighlighter Value="Delphi"/>
      </Unit127>
      <Unit128>
        <Filename Value="frmstructuresconfigunit.pas"/>
        <IsPartOfProject Value="True"/>
        <ComponentName Value="frmStructuresConfig"/>
        <ResourceBaseClass Value="Form"/>
        <UnitName Value="frmStructuresConfigUnit"/>
        <WindowIndex Value="0"/>
        <TopLine Value="70"/>
        <CursorPos X="29" Y="142"/>
        <UsageCount Value="247"/>
        <DefaultSyntaxHighlighter Value="Delphi"/>
      </Unit128>
      <Unit129>
        <Filename Value="VEHDebugger.pas"/>
        <IsPartOfProject Value="True"/>
        <UnitName Value="VEHDebugger"/>
        <WindowIndex Value="0"/>
        <TopLine Value="270"/>
        <CursorPos X="1" Y="361"/>
        <UsageCount Value="205"/>
        <DefaultSyntaxHighlighter Value="Delphi"/>
      </Unit129>
      <Unit130>
        <Filename Value="VEHDebugSharedMem.pas"/>
        <IsPartOfProject Value="True"/>
        <UnitName Value="VEHDebugSharedMem"/>
        <WindowIndex Value="0"/>
        <TopLine Value="5"/>
        <CursorPos X="17" Y="14"/>
        <UsageCount Value="205"/>
        <DefaultSyntaxHighlighter Value="Delphi"/>
      </Unit130>
      <Unit131>
        <Filename Value="DebuggerInterface.pas"/>
        <IsPartOfProject Value="True"/>
        <UnitName Value="DebuggerInterface"/>
        <WindowIndex Value="0"/>
        <TopLine Value="1"/>
        <CursorPos X="3" Y="17"/>
        <UsageCount Value="272"/>
        <DefaultSyntaxHighlighter Value="Delphi"/>
      </Unit131>
      <Unit132>
        <Filename Value="WindowsDebugger.pas"/>
        <IsPartOfProject Value="True"/>
        <UnitName Value="WindowsDebugger"/>
        <EditorIndex Value="21"/>
        <WindowIndex Value="0"/>
        <TopLine Value="49"/>
        <CursorPos X="38" Y="65"/>
        <UsageCount Value="265"/>
        <Loaded Value="True"/>
        <DefaultSyntaxHighlighter Value="Delphi"/>
      </Unit132>
      <Unit133>
        <Filename Value="DebuggerInterfaceAPIWrapper.pas"/>
        <IsPartOfProject Value="True"/>
        <UnitName Value="DebuggerInterfaceAPIWrapper"/>
        <EditorIndex Value="20"/>
        <WindowIndex Value="0"/>
        <TopLine Value="32"/>
        <CursorPos X="1" Y="42"/>
        <UsageCount Value="265"/>
        <Loaded Value="True"/>
        <DefaultSyntaxHighlighter Value="Delphi"/>
      </Unit133>
      <Unit134>
        <Filename Value="frmDebugEventsUnit.pas"/>
        <IsPartOfProject Value="True"/>
        <ComponentName Value="frmDebugEvents"/>
        <ResourceBaseClass Value="Form"/>
        <UnitName Value="frmDebugEventsUnit"/>
        <WindowIndex Value="0"/>
        <TopLine Value="17"/>
        <CursorPos X="17" Y="26"/>
        <UsageCount Value="206"/>
        <DefaultSyntaxHighlighter Value="Delphi"/>
      </Unit134>
      <Unit135>
        <Filename Value="changelist.pas"/>
        <IsPartOfProject Value="True"/>
        <UnitName Value="changelist"/>
        <WindowIndex Value="0"/>
        <TopLine Value="32"/>
        <CursorPos X="1" Y="51"/>
        <UsageCount Value="201"/>
        <DefaultSyntaxHighlighter Value="Delphi"/>
      </Unit135>
      <Unit136>
        <Filename Value="tableconverter.pas"/>
        <IsPartOfProject Value="True"/>
        <UnitName Value="tableconverter"/>
        <WindowIndex Value="0"/>
        <TopLine Value="266"/>
        <CursorPos X="1" Y="216"/>
        <UsageCount Value="251"/>
        <DefaultSyntaxHighlighter Value="Delphi"/>
      </Unit136>
      <Unit137>
        <Filename Value="dbk32\DBK32functions.pas"/>
        <IsPartOfProject Value="True"/>
        <UnitName Value="DBK32functions"/>
        <EditorIndex Value="7"/>
        <WindowIndex Value="0"/>
        <TopLine Value="83"/>
        <CursorPos X="41" Y="95"/>
        <UsageCount Value="204"/>
        <Loaded Value="True"/>
        <DefaultSyntaxHighlighter Value="Delphi"/>
      </Unit137>
      <Unit138>
        <Filename Value="dbk32\debug.pas"/>
        <IsPartOfProject Value="True"/>
        <UnitName Value="debug"/>
        <EditorIndex Value="6"/>
        <WindowIndex Value="0"/>
        <TopLine Value="263"/>
        <CursorPos X="45" Y="274"/>
        <UsageCount Value="204"/>
        <Loaded Value="True"/>
        <DefaultSyntaxHighlighter Value="Delphi"/>
      </Unit138>
      <Unit139>
        <Filename Value="dbk32\multicpuexecution.pas"/>
        <IsPartOfProject Value="True"/>
        <UnitName Value="multicpuexecution"/>
        <WindowIndex Value="0"/>
        <TopLine Value="7"/>
        <CursorPos X="15" Y="22"/>
        <UsageCount Value="204"/>
        <DefaultSyntaxHighlighter Value="Delphi"/>
      </Unit139>
      <Unit140>
        <Filename Value="dbk32\vmxfunctions.pas"/>
        <IsPartOfProject Value="True"/>
        <UnitName Value="vmxfunctions"/>
        <WindowIndex Value="0"/>
        <TopLine Value="1"/>
        <CursorPos X="1" Y="1"/>
        <UsageCount Value="204"/>
        <DefaultSyntaxHighlighter Value="Delphi"/>
      </Unit140>
      <Unit141>
        <Filename Value="frmPagingUnit.pas"/>
        <IsPartOfProject Value="True"/>
        <ComponentName Value="frmPaging"/>
        <ResourceBaseClass Value="Form"/>
        <UnitName Value="frmPagingUnit"/>
        <WindowIndex Value="0"/>
        <TopLine Value="482"/>
        <CursorPos X="24" Y="498"/>
        <UsageCount Value="202"/>
        <DefaultSyntaxHighlighter Value="Delphi"/>
      </Unit141>
      <Unit142>
        <Filename Value="bigmemallochandler.pas"/>
        <IsPartOfProject Value="True"/>
        <UnitName Value="bigmemallochandler"/>
        <WindowIndex Value="0"/>
        <TopLine Value="59"/>
        <CursorPos X="3" Y="83"/>
        <UsageCount Value="216"/>
        <DefaultSyntaxHighlighter Value="Delphi"/>
      </Unit142>
      <Unit143>
        <Filename Value="KernelDebuggerInterface.pas"/>
        <IsPartOfProject Value="True"/>
        <UnitName Value="KernelDebuggerInterface"/>
        <EditorIndex Value="5"/>
        <WindowIndex Value="0"/>
        <TopLine Value="417"/>
        <CursorPos X="21" Y="439"/>
        <UsageCount Value="204"/>
        <Loaded Value="True"/>
        <DefaultSyntaxHighlighter Value="Delphi"/>
      </Unit143>
      <Unit144>
        <Filename Value="CustomTypeHandler.pas"/>
        <IsPartOfProject Value="True"/>
        <UnitName Value="CustomTypeHandler"/>
        <WindowIndex Value="0"/>
        <TopLine Value="170"/>
        <CursorPos X="6" Y="177"/>
        <UsageCount Value="238"/>
        <Bookmarks Count="1">
          <Item0 X="5" Y="361" ID="8"/>
        </Bookmarks>
        <DefaultSyntaxHighlighter Value="Delphi"/>
      </Unit144>
      <Unit145>
        <Filename Value="LuaHandler.pas"/>
        <IsPartOfProject Value="True"/>
        <UnitName Value="LuaHandler"/>
        <EditorIndex Value="12"/>
        <WindowIndex Value="0"/>
        <TopLine Value="260"/>
        <CursorPos X="40" Y="387"/>
        <UsageCount Value="200"/>
        <Loaded Value="True"/>
        <DefaultSyntaxHighlighter Value="Delphi"/>
      </Unit145>
      <Unit146>
        <Filename Value="frmluaengineunit.pas"/>
        <IsPartOfProject Value="True"/>
        <ComponentName Value="frmLuaEngine"/>
        <ResourceBaseClass Value="Form"/>
        <UnitName Value="frmLuaEngineUnit"/>
        <WindowIndex Value="0"/>
        <TopLine Value="59"/>
        <CursorPos X="1" Y="115"/>
        <UsageCount Value="201"/>
        <DefaultSyntaxHighlighter Value="Delphi"/>
      </Unit146>
      <Unit147>
        <Filename Value="frmMemviewPreferencesUnit.pas"/>
        <IsPartOfProject Value="True"/>
        <ComponentName Value="frmMemviewPreferences"/>
        <ResourceBaseClass Value="Form"/>
        <UnitName Value="frmMemviewPreferencesUnit"/>
        <WindowIndex Value="0"/>
        <TopLine Value="1"/>
        <CursorPos X="3" Y="15"/>
        <UsageCount Value="234"/>
        <DefaultSyntaxHighlighter Value="Delphi"/>
      </Unit147>
      <Unit148>
        <Filename Value="frmBreakpointConditionUnit.pas"/>
        <IsPartOfProject Value="True"/>
        <ComponentName Value="frmBreakpointCondition"/>
        <ResourceBaseClass Value="Form"/>
        <UnitName Value="frmBreakpointConditionUnit"/>
        <WindowIndex Value="0"/>
        <TopLine Value="31"/>
        <CursorPos X="51" Y="28"/>
        <UsageCount Value="208"/>
        <DefaultSyntaxHighlighter Value="Delphi"/>
      </Unit148>
      <Unit149>
        <Filename Value="frmTracerConfigUnit.pas"/>
        <IsPartOfProject Value="True"/>
        <ComponentName Value="frmTracerConfig"/>
        <ResourceBaseClass Value="Form"/>
        <UnitName Value="frmTracerConfigUnit"/>
        <WindowIndex Value="0"/>
        <TopLine Value="33"/>
        <CursorPos X="21" Y="20"/>
        <UsageCount Value="221"/>
        <DefaultSyntaxHighlighter Value="Delphi"/>
      </Unit149>
      <Unit150>
        <Filename Value="frmStackViewUnit.pas"/>
        <IsPartOfProject Value="True"/>
        <ComponentName Value="frmStackView"/>
        <ResourceBaseClass Value="Form"/>
        <UnitName Value="frmStackViewUnit"/>
        <WindowIndex Value="0"/>
        <TopLine Value="5"/>
        <CursorPos X="3" Y="31"/>
        <UsageCount Value="201"/>
        <DefaultSyntaxHighlighter Value="Delphi"/>
      </Unit150>
      <Unit151>
        <Filename Value="C:\lazarus\lcl\forms.pp"/>
        <UnitName Value="Forms"/>
        <WindowIndex Value="0"/>
        <TopLine Value="182"/>
        <CursorPos X="17" Y="193"/>
        <UsageCount Value="82"/>
      </Unit151>
      <Unit152>
        <Filename Value="C:\lazarus\lcl\include\application.inc"/>
        <WindowIndex Value="0"/>
        <TopLine Value="550"/>
        <CursorPos X="3" Y="555"/>
        <UsageCount Value="18"/>
      </Unit152>
      <Unit153>
        <Filename Value="C:\lazarus\lcl\interfaces\win32\win32wsbuttons.pp"/>
        <UnitName Value="Win32WSButtons"/>
        <WindowIndex Value="0"/>
        <TopLine Value="485"/>
        <CursorPos X="1" Y="501"/>
        <UsageCount Value="43"/>
      </Unit153>
      <Unit154>
        <Filename Value="C:\lazarus\lcl\dialogs.pp"/>
        <UnitName Value="Dialogs"/>
        <WindowIndex Value="0"/>
        <TopLine Value="31"/>
        <CursorPos X="21" Y="38"/>
        <UsageCount Value="76"/>
      </Unit154>
      <Unit155>
        <Filename Value="C:\lazarus\lcl\include\messagedialogs.inc"/>
        <WindowIndex Value="0"/>
        <TopLine Value="228"/>
        <CursorPos X="9" Y="230"/>
        <UsageCount Value="32"/>
      </Unit155>
      <Unit156>
        <Filename Value="C:\lazarus\lcl\nonwin32\messages.pp"/>
        <UnitName Value="Messages"/>
        <WindowIndex Value="0"/>
        <TopLine Value="41"/>
        <CursorPos X="3" Y="57"/>
        <UsageCount Value="33"/>
      </Unit156>
      <Unit157>
        <Filename Value="C:\lazarus\lcl\include\control.inc"/>
        <WindowIndex Value="0"/>
        <TopLine Value="860"/>
        <CursorPos X="1" Y="877"/>
        <UsageCount Value="11"/>
      </Unit157>
      <Unit158>
        <Filename Value="lua\lua.pas"/>
        <UnitName Value="lua"/>
        <WindowIndex Value="0"/>
        <TopLine Value="28"/>
        <CursorPos X="17" Y="52"/>
        <UsageCount Value="87"/>
        <DefaultSyntaxHighlighter Value="Delphi"/>
      </Unit158>
      <Unit159>
        <Filename Value="C:\lazarus\lcl\controls.pp"/>
        <UnitName Value="Controls"/>
        <WindowIndex Value="0"/>
        <TopLine Value="1814"/>
        <CursorPos X="15" Y="1830"/>
        <UsageCount Value="101"/>
      </Unit159>
      <Unit160>
        <Filename Value="C:\lazarus\lcl\stdctrls.pp"/>
        <UnitName Value="StdCtrls"/>
        <WindowIndex Value="0"/>
        <TopLine Value="1135"/>
        <CursorPos X="16" Y="1151"/>
        <UsageCount Value="81"/>
      </Unit160>
      <Unit161>
        <Filename Value="C:\lazarus\lcl\extctrls.pp"/>
        <UnitName Value="ExtCtrls"/>
        <WindowIndex Value="0"/>
        <TopLine Value="245"/>
        <CursorPos X="21" Y="456"/>
        <UsageCount Value="83"/>
      </Unit161>
      <Unit162>
        <Filename Value="C:\lazarus\lcl\include\customform.inc"/>
        <WindowIndex Value="0"/>
        <TopLine Value="1819"/>
        <CursorPos X="1" Y="1835"/>
        <UsageCount Value="6"/>
      </Unit162>
      <Unit163>
        <Filename Value="C:\lazarus\lcl\include\wincontrol.inc"/>
        <EditorIndex Value="11"/>
        <WindowIndex Value="0"/>
        <TopLine Value="7148"/>
        <CursorPos X="1" Y="7165"/>
        <UsageCount Value="24"/>
        <Loaded Value="True"/>
      </Unit163>
      <Unit164>
        <Filename Value="C:\lazarus\lcl\customtimer.pas"/>
        <UnitName Value="CustomTimer"/>
        <WindowIndex Value="0"/>
        <TopLine Value="19"/>
        <CursorPos X="35" Y="35"/>
        <UsageCount Value="38"/>
      </Unit164>
      <Unit165>
        <Filename Value="C:\lazarus\fpc\2.4.2\source\rtl\objpas\classes\classesh.inc"/>
        <WindowIndex Value="0"/>
        <TopLine Value="1575"/>
        <CursorPos X="3" Y="1576"/>
        <UsageCount Value="39"/>
      </Unit165>
      <Unit166>
        <Filename Value="C:\lazarus\fpc\2.4.2\source\rtl\inc\objpash.inc"/>
        <WindowIndex Value="0"/>
        <TopLine Value="178"/>
        <CursorPos X="21" Y="194"/>
        <UsageCount Value="37"/>
      </Unit166>
      <Unit167>
        <Filename Value="lua\lualib.pas"/>
        <UnitName Value="lualib"/>
        <WindowIndex Value="0"/>
        <TopLine Value="1"/>
        <CursorPos X="1" Y="1"/>
        <UsageCount Value="35"/>
        <DefaultSyntaxHighlighter Value="Delphi"/>
      </Unit167>
      <Unit168>
        <Filename Value="lua\lauxlib.pas"/>
        <UnitName Value="lauxlib"/>
        <WindowIndex Value="0"/>
        <TopLine Value="204"/>
        <CursorPos X="10" Y="220"/>
        <UsageCount Value="35"/>
        <DefaultSyntaxHighlighter Value="Delphi"/>
      </Unit168>
      <Unit169>
        <Filename Value="luaJit.pas"/>
        <IsPartOfProject Value="True"/>
        <UnitName Value="luaJit"/>
        <WindowIndex Value="0"/>
        <TopLine Value="63"/>
        <CursorPos X="42" Y="78"/>
        <UsageCount Value="205"/>
        <DefaultSyntaxHighlighter Value="Delphi"/>
      </Unit169>
      <Unit170>
        <Filename Value="C:\lazarus\fpc\2.4.3\source\rtl\win\wininc\defines.inc"/>
        <EditorIndex Value="14"/>
        <WindowIndex Value="0"/>
        <TopLine Value="3051"/>
        <CursorPos X="6" Y="3067"/>
        <UsageCount Value="18"/>
        <Loaded Value="True"/>
      </Unit170>
      <Unit171>
        <Filename Value="C:\lazarus\fpc\2.4.3\source\rtl\objpas\classes\classesh.inc"/>
        <WindowIndex Value="0"/>
        <TopLine Value="104"/>
        <CursorPos X="3" Y="120"/>
        <UsageCount Value="1"/>
      </Unit171>
      <Unit172>
        <Filename Value="C:\lazarus\fpc\2.4.3\source\packages\winunits-jedi\src\jwawindows.pas"/>
        <UnitName Value="JwaWindows"/>
        <WindowIndex Value="0"/>
        <TopLine Value="669"/>
        <CursorPos X="3" Y="687"/>
        <UsageCount Value="9"/>
      </Unit172>
      <Unit173>
        <Filename Value="C:\lazarus\lcl\comctrls.pp"/>
        <UnitName Value="ComCtrls"/>
        <WindowIndex Value="0"/>
        <TopLine Value="712"/>
        <CursorPos X="15" Y="728"/>
        <UsageCount Value="14"/>
      </Unit173>
      <Unit174>
        <Filename Value="C:\lazarus\lcl\include\listitem.inc"/>
        <WindowIndex Value="0"/>
        <TopLine Value="713"/>
        <CursorPos X="3" Y="721"/>
        <UsageCount Value="14"/>
      </Unit174>
      <Unit175>
        <Filename Value="C:\lazarus\fpc\2.4.3\source\packages\winunits-base\src\commctrl.pp"/>
        <UnitName Value="CommCtrl"/>
        <WindowIndex Value="0"/>
        <TopLine Value="1433"/>
        <CursorPos X="3" Y="1449"/>
        <UsageCount Value="4"/>
      </Unit175>
      <Unit176>
        <Filename Value="C:\lazarus\fpc\2.4.3\source\packages\winunits-jedi\src\jwawinnt.pas"/>
        <UnitName Value="jwawinnt"/>
        <WindowIndex Value="0"/>
        <TopLine Value="649"/>
        <CursorPos X="3" Y="674"/>
        <UsageCount Value="10"/>
      </Unit176>
      <Unit177>
        <Filename Value="C:\lazarus\fpc\2.4.3\source\packages\winunits-jedi\src\jwarpcasync.pas"/>
        <UnitName Value="jwarpcasync"/>
        <WindowIndex Value="0"/>
        <TopLine Value="490"/>
        <CursorPos X="1" Y="489"/>
        <UsageCount Value="3"/>
      </Unit177>
      <Unit178>
        <Filename Value="ScrollBoxEx.pas"/>
        <IsPartOfProject Value="True"/>
        <UnitName Value="ScrollBoxEx"/>
        <WindowIndex Value="0"/>
        <TopLine Value="1"/>
        <CursorPos X="13" Y="24"/>
        <UsageCount Value="117"/>
        <DefaultSyntaxHighlighter Value="Delphi"/>
      </Unit178>
      <Unit179>
        <Filename Value="C:\lazarus\lcl\include\customlistbox.inc"/>
        <WindowIndex Value="0"/>
        <TopLine Value="559"/>
        <CursorPos X="1" Y="576"/>
        <UsageCount Value="1"/>
      </Unit179>
      <Unit180>
        <Filename Value="C:\lazarus\lcl\extendedstrings.pas"/>
        <UnitName Value="ExtendedStrings"/>
        <WindowIndex Value="0"/>
        <TopLine Value="1"/>
        <CursorPos X="1" Y="200"/>
        <UsageCount Value="1"/>
      </Unit180>
      <Unit181>
        <Filename Value="C:\lazarus\fpc\2.4.3\source\rtl\objpas\sysutils\sysutilh.inc"/>
        <WindowIndex Value="0"/>
        <TopLine Value="86"/>
        <CursorPos X="4" Y="102"/>
        <UsageCount Value="1"/>
      </Unit181>
      <Unit182>
        <Filename Value="C:\lazarus\lcl\graphics.pp"/>
        <UnitName Value="Graphics"/>
        <WindowIndex Value="0"/>
        <TopLine Value="260"/>
        <CursorPos X="20" Y="275"/>
        <UsageCount Value="7"/>
      </Unit182>
      <Unit183>
        <Filename Value="C:\lazarus\lcl\include\customlistview.inc"/>
        <WindowIndex Value="0"/>
        <TopLine Value="705"/>
        <CursorPos X="1" Y="722"/>
        <UsageCount Value="16"/>
      </Unit183>
      <Unit184>
        <Filename Value="C:\lazarus\lcl\include\rasterimage.inc"/>
        <WindowIndex Value="0"/>
        <TopLine Value="385"/>
        <CursorPos X="1" Y="401"/>
        <UsageCount Value="11"/>
      </Unit184>
      <Unit185>
        <Filename Value="C:\lazarus\fpc\2.4.3\source\packages\fcl-xml\src\xmlread.pp"/>
        <UnitName Value="XMLRead"/>
        <EditorIndex Value="22"/>
        <WindowIndex Value="0"/>
        <TopLine Value="28"/>
        <CursorPos X="11" Y="44"/>
        <UsageCount Value="22"/>
        <Loaded Value="True"/>
      </Unit185>
      <Unit186>
        <Filename Value="C:\lazarus\lcl\include\customcheckbox.inc"/>
        <EditorIndex Value="10"/>
        <WindowIndex Value="0"/>
        <TopLine Value="107"/>
        <CursorPos X="1" Y="123"/>
        <UsageCount Value="10"/>
        <Loaded Value="True"/>
      </Unit186>
    </Units>
    <JumpHistory Count="28" HistoryIndex="27">
      <Position1>
        <Filename Value="MemoryRecordUnit.pas"/>
        <Caret Line="1013" Column="1" TopLine="991"/>
      </Position1>
      <Position2>
        <Filename Value="MemoryRecordUnit.pas"/>
        <Caret Line="1078" Column="1" TopLine="1056"/>
      </Position2>
      <Position3>
        <Filename Value="MemoryRecordUnit.pas"/>
        <Caret Line="1007" Column="1" TopLine="991"/>
      </Position3>
      <Position4>
        <Filename Value="MemoryRecordUnit.pas"/>
        <Caret Line="1009" Column="1" TopLine="991"/>
      </Position4>
      <Position5>
        <Filename Value="MemoryRecordUnit.pas"/>
        <Caret Line="1011" Column="1" TopLine="991"/>
      </Position5>
      <Position6>
        <Filename Value="MemoryRecordUnit.pas"/>
        <Caret Line="1013" Column="1" TopLine="991"/>
      </Position6>
      <Position7>
        <Filename Value="MemoryRecordUnit.pas"/>
        <Caret Line="1014" Column="1" TopLine="991"/>
      </Position7>
      <Position8>
        <Filename Value="MemoryRecordUnit.pas"/>
        <Caret Line="1015" Column="17" TopLine="991"/>
      </Position8>
      <Position9>
        <Filename Value="MemoryRecordUnit.pas"/>
        <Caret Line="1016" Column="28" TopLine="991"/>
      </Position9>
      <Position10>
        <Filename Value="MemoryRecordUnit.pas"/>
        <Caret Line="1078" Column="1" TopLine="1062"/>
      </Position10>
      <Position11>
        <Filename Value="MemoryRecordUnit.pas"/>
        <Caret Line="1007" Column="1" TopLine="991"/>
      </Position11>
      <Position12>
        <Filename Value="MemoryRecordUnit.pas"/>
        <Caret Line="1009" Column="1" TopLine="991"/>
      </Position12>
      <Position13>
        <Filename Value="MemoryRecordUnit.pas"/>
        <Caret Line="1011" Column="1" TopLine="991"/>
      </Position13>
      <Position14>
        <Filename Value="MemoryRecordUnit.pas"/>
        <Caret Line="1013" Column="1" TopLine="991"/>
      </Position14>
      <Position15>
        <Filename Value="MemoryRecordUnit.pas"/>
        <Caret Line="1014" Column="1" TopLine="991"/>
      </Position15>
      <Position16>
        <Filename Value="MemoryRecordUnit.pas"/>
        <Caret Line="1016" Column="1" TopLine="991"/>
      </Position16>
      <Position17>
        <Filename Value="MemoryRecordUnit.pas"/>
        <Caret Line="1018" Column="1" TopLine="991"/>
      </Position17>
      <Position18>
        <Filename Value="C:\lazarus\lcl\include\customcheckbox.inc"/>
        <Caret Line="122" Column="1" TopLine="106"/>
      </Position18>
      <Position19>
        <Filename Value="C:\lazarus\lcl\include\customcheckbox.inc"/>
        <Caret Line="51" Column="1" TopLine="35"/>
      </Position19>
      <Position20>
        <Filename Value="C:\lazarus\lcl\include\customcheckbox.inc"/>
        <Caret Line="74" Column="1" TopLine="58"/>
      </Position20>
      <Position21>
        <Filename Value="C:\lazarus\lcl\include\customcheckbox.inc"/>
        <Caret Line="77" Column="1" TopLine="58"/>
      </Position21>
      <Position22>
        <Filename Value="C:\lazarus\lcl\include\wincontrol.inc"/>
        <Caret Line="7164" Column="1" TopLine="7148"/>
      </Position22>
      <Position23>
        <Filename Value="C:\lazarus\lcl\include\wincontrol.inc"/>
        <Caret Line="7165" Column="1" TopLine="7148"/>
      </Position23>
      <Position24>
        <Filename Value="C:\lazarus\lcl\include\customcheckbox.inc"/>
        <Caret Line="82" Column="1" TopLine="58"/>
      </Position24>
      <Position25>
        <Filename Value="C:\lazarus\lcl\include\customcheckbox.inc"/>
        <Caret Line="52" Column="1" TopLine="36"/>
      </Position25>
      <Position26>
        <Filename Value="C:\lazarus\lcl\include\customcheckbox.inc"/>
        <Caret Line="53" Column="1" TopLine="36"/>
      </Position26>
      <Position27>
        <Filename Value="C:\lazarus\lcl\include\customcheckbox.inc"/>
        <Caret Line="123" Column="1" TopLine="107"/>
      </Position27>
      <Position28>
        <Filename Value="MemoryRecordUnit.pas"/>
        <Caret Line="1021" Column="18" TopLine="994"/>
      </Position28>
    </JumpHistory>
  </ProjectOptions>
  <CompilerOptions>
    <Version Value="9"/>
    <PathDelim Value="\"/>
    <Target>
      <Filename Value="bin\cheatengine60-$(TargetCPU)"/>
    </Target>
    <SearchPaths>
      <IncludeFiles Value="$(ProjOutDir)"/>
      <OtherUnitFiles Value="VEHDebug;dbk32;lua"/>
      <UnitOutputDirectory Value="lib\$(TargetCPU)-$(TargetOS)"/>
    </SearchPaths>
    <Parsing>
      <Style Value="1"/>
      <SyntaxOptions>
        <SyntaxMode Value="Delphi"/>
      </SyntaxOptions>
    </Parsing>
    <CodeGeneration>
      <SmartLinkUnit Value="True"/>
      <Optimizations>
        <VariablesInRegisters Value="True"/>
        <OptimizationLevel Value="3"/>
      </Optimizations>
    </CodeGeneration>
    <Linking>
      <Debugging>
        <UseLineInfoUnit Value="False"/>
        <StripSymbols Value="True"/>
      </Debugging>
      <LinkSmart Value="True"/>
      <Options>
        <Win32>
          <GraphicApplication Value="True"/>
        </Win32>
      </Options>
    </Linking>
    <Other>
      <Verbosity>
        <ShowHints Value="False"/>
        <ShowGenInfo Value="False"/>
        <ShowNothing Value="True"/>
      </Verbosity>
      <WriteFPCLogo Value="False"/>
      <CustomOptions Value="-dbenchmarkps -dcemain -WB00400000 -dNDEBUG -dNOVMX"/>
      <CompilerPath Value="$(CompPath)"/>
    </Other>
  </CompilerOptions>
  <Debugging>
    <BreakPoints Count="2">
      <Item1>
        <Source Value="memscan.pas"/>
        <Line Value="1823"/>
      </Item1>
      <Item2>
        <Source Value="LuaHandler.pas"/>
        <Line Value="82"/>
      </Item2>
    </BreakPoints>
    <Watches Count="4">
      <Item1>
        <Expression Value="pointer(Debugregistermask)"/>
      </Item1>
      <Item2>
        <Expression Value="pointer(clearmask)"/>
      </Item2>
      <Item3>
        <Expression Value="pointer(mask)"/>
      </Item3>
      <Item4>
        <Expression Value="pointer(temp)"/>
      </Item4>
    </Watches>
    <Exceptions Count="4" IgnoreAll="True">
      <Item1>
        <Name Value="EAbort"/>
      </Item1>
      <Item2>
        <Name Value="ECodetoolError"/>
      </Item2>
      <Item3>
        <Name Value="EFOpenError"/>
      </Item3>
      <Item4>
        <Name Value="Unknown"/>
      </Item4>
    </Exceptions>
  </Debugging>
</CONFIG>
