<?xml version="1.0" encoding="UTF-8"?>
<CONFIG>
  <ProjectOptions>
    <Version Value="9"/>
    <PathDelim Value="\"/>
    <General>
      <Flags>
        <MainUnitHasCreateFormStatements Value="False"/>
        <MainUnitHasTitleStatement Value="False"/>
      </Flags>
      <MainUnit Value="0"/>
      <Title Value="xmplayer"/>
      <UseAppBundle Value="False"/>
      <ResourceType Value="res"/>
      <ActiveWindowIndexAtStart Value="0"/>
    </General>
    <i18n>
      <EnableI18N LFM="False"/>
    </i18n>
    <VersionInfo>
      <StringTable ProductVersion=""/>
    </VersionInfo>
    <BuildModes Count="1" Active="Default">
      <Item1 Name="Default" Default="True"/>
    </BuildModes>
    <PublishOptions>
      <Version Value="2"/>
      <IncludeFileFilter Value="*.(pas|pp|inc|lfm|lpr|lrs|lpi|lpk|sh|xml)"/>
      <ExcludeFileFilter Value="*.(bak|ppu|o|so);*~;backup"/>
    </PublishOptions>
    <RunParams>
      <local>
        <FormatVersion Value="1"/>
        <CommandLineParams Value="CEAFUCKER"/>
      </local>
    </RunParams>
    <Units Count="5">
      <Unit0>
        <Filename Value="xmplayer.lpr"/>
        <IsPartOfProject Value="True"/>
        <UnitName Value="xmplayer"/>
        <EditorIndex Value="0"/>
        <WindowIndex Value="0"/>
        <TopLine Value="1"/>
        <CursorPos X="79" Y="15"/>
        <UsageCount Value="69"/>
        <Loaded Value="True"/>
      </Unit0>
      <Unit1>
        <Filename Value="main.pas"/>
        <IsPartOfProject Value="True"/>
        <UnitName Value="main"/>
        <EditorIndex Value="1"/>
        <WindowIndex Value="0"/>
        <TopLine Value="29"/>
        <CursorPos X="21" Y="72"/>
        <UsageCount Value="69"/>
        <Loaded Value="True"/>
      </Unit1>
      <Unit2>
        <Filename Value="xmplayer_defines.pas"/>
        <IsPartOfProject Value="True"/>
        <UnitName Value="xmplayer_defines"/>
        <WindowIndex Value="0"/>
        <TopLine Value="1"/>
        <CursorPos X="20" Y="14"/>
        <UsageCount Value="69"/>
      </Unit2>
      <Unit3>
        <Filename Value="C:\lazarus\fpc\2.4.3\source\rtl\win\wininc\defines.inc"/>
        <WindowIndex Value="0"/>
        <TopLine Value="2176"/>
        <CursorPos X="18" Y="2189"/>
        <UsageCount Value="5"/>
      </Unit3>
      <Unit4>
        <Filename Value="uFMOD.pp"/>
        <UnitName Value="uFMOD"/>
        <IsVisibleTab Value="True"/>
        <EditorIndex Value="2"/>
        <WindowIndex Value="0"/>
        <TopLine Value="1"/>
        <CursorPos X="18" Y="230"/>
        <UsageCount Value="34"/>
        <Loaded Value="True"/>
      </Unit4>
    </Units>
    <JumpHistory Count="25" HistoryIndex="24">
      <Position1>
        <Filename Value="main.pas"/>
        <Caret Line="8" Column="37" TopLine="1"/>
      </Position1>
      <Position2>
        <Filename Value="main.pas"/>
        <Caret Line="19" Column="28" TopLine="1"/>
      </Position2>
      <Position3>
        <Filename Value="main.pas"/>
        <Caret Line="8" Column="43" TopLine="1"/>
      </Position3>
      <Position4>
        <Filename Value="main.pas"/>
        <Caret Line="21" Column="29" TopLine="1"/>
      </Position4>
      <Position5>
        <Filename Value="main.pas"/>
        <Caret Line="28" Column="47" TopLine="6"/>
      </Position5>
      <Position6>
        <Filename Value="main.pas"/>
        <Caret Line="25" Column="40" TopLine="7"/>
      </Position6>
      <Position7>
        <Filename Value="main.pas"/>
        <Caret Line="19" Column="12" TopLine="4"/>
      </Position7>
      <Position8>
        <Filename Value="main.pas"/>
        <Caret Line="65" Column="2" TopLine="44"/>
      </Position8>
      <Position9>
        <Filename Value="main.pas"/>
        <Caret Line="44" Column="22" TopLine="25"/>
      </Position9>
      <Position10>
        <Filename Value="main.pas"/>
        <Caret Line="8" Column="49" TopLine="1"/>
      </Position10>
      <Position11>
        <Filename Value="main.pas"/>
        <Caret Line="93" Column="79" TopLine="66"/>
      </Position11>
      <Position12>
        <Filename Value="main.pas"/>
        <Caret Line="12" Column="60" TopLine="6"/>
      </Position12>
      <Position13>
        <Filename Value="main.pas"/>
        <Caret Line="32" Column="15" TopLine="14"/>
      </Position13>
      <Position14>
        <Filename Value="main.pas"/>
        <Caret Line="68" Column="39" TopLine="49"/>
      </Position14>
      <Position15>
        <Filename Value="main.pas"/>
        <Caret Line="27" Column="7" TopLine="11"/>
      </Position15>
      <Position16>
        <Filename Value="uFMOD.pp"/>
        <Caret Line="63" Column="29" TopLine="49"/>
      </Position16>
      <Position17>
        <Filename Value="uFMOD.pp"/>
        <Caret Line="1" Column="1" TopLine="1"/>
      </Position17>
      <Position18>
        <Filename Value="main.pas"/>
        <Caret Line="26" Column="14" TopLine="7"/>
      </Position18>
      <Position19>
        <Filename Value="uFMOD.pp"/>
        <Caret Line="215" Column="55" TopLine="192"/>
      </Position19>
      <Position20>
        <Filename Value="uFMOD.pp"/>
        <Caret Line="1" Column="1" TopLine="1"/>
      </Position20>
      <Position21>
        <Filename Value="uFMOD.pp"/>
        <Caret Line="208" Column="73" TopLine="180"/>
      </Position21>
      <Position22>
        <Filename Value="uFMOD.pp"/>
        <Caret Line="209" Column="57" TopLine="181"/>
      </Position22>
      <Position23>
        <Filename Value="main.pas"/>
        <Caret Line="76" Column="39" TopLine="61"/>
      </Position23>
      <Position24>
        <Filename Value="main.pas"/>
        <Caret Line="48" Column="70" TopLine="19"/>
      </Position24>
      <Position25>
        <Filename Value="main.pas"/>
        <Caret Line="98" Column="38" TopLine="51"/>
      </Position25>
    </JumpHistory>
  </ProjectOptions>
  <CompilerOptions>
    <Version Value="11"/>
    <PathDelim Value="\"/>
    <Target>
      <Filename Value="..\bin\xmplayer"/>
    </Target>
    <SearchPaths>
      <IncludeFiles Value="$(ProjOutDir)"/>
      <OtherUnitFiles Value=".."/>
      <UnitOutputDirectory Value="lib\$(TargetCPU)-$(TargetOS)"/>
    </SearchPaths>
    <CodeGeneration>
      <Optimizations>
        <OptimizationLevel Value="3"/>
        <VariablesInRegisters Value="True"/>
      </Optimizations>
    </CodeGeneration>
    <Linking>
      <Debugging>
        <GenerateDebugInfo Value="False"/>
        <UseLineInfoUnit Value="False"/>
        <StripSymbols Value="True"/>
      </Debugging>
      <LinkSmart Value="True"/>
      <Options>
        <Win32>
          <GraphicApplication Value="True"/>
        </Win32>
      </Options>
    </Linking>
    <Other>
      <CompilerMessages>
        <UseMsgFile Value="True"/>
      </CompilerMessages>
      <CompilerPath Value="$(CompPath)"/>
    </Other>
  </CompilerOptions>
  <Debugging>
    <Exceptions Count="3">
      <Item1>
        <Name Value="EAbort"/>
      </Item1>
      <Item2>
        <Name Value="ECodetoolError"/>
      </Item2>
      <Item3>
        <Name Value="EFOpenError"/>
      </Item3>
    </Exceptions>
  </Debugging>
  <EditorMacros Count="0"/>
</CONFIG>
