<?xml version="1.0"?>
<CONFIG>
  <ProjectOptions>
    <PathDelim Value="\"/>
    <Version Value="8"/>
    <General>
      <Flags>
        <MainUnitHasCreateFormStatements Value="False"/>
        <MainUnitHasTitleStatement Value="False"/>
        <UseDefaultCompilerOptions Value="True"/>
      </Flags>
      <MainUnit Value="0"/>
      <TargetFileExt Value=".exe"/>
      <Title Value="vehdebug"/>
      <ResourceType Value="res"/>
      <ActiveWindowIndexAtStart Value="0"/>
    </General>
    <VersionInfo>
      <Language Value=""/>
      <CharSet Value=""/>
      <StringTable Comments="" CompanyName="" FileDescription="" FileVersion="" InternalName="" LegalCopyright="" LegalTrademarks="" OriginalFilename="" ProductName="" ProductVersion=""/>
    </VersionInfo>
    <PublishOptions>
      <Version Value="2"/>
      <IgnoreBinaries Value="False"/>
      <IncludeFileFilter Value="*.(pas|pp|inc|lfm|lpr|lrs|lpi|lpk|sh|xml)"/>
      <ExcludeFileFilter Value="*.(bak|ppu|ppw|o|so);*~;backup"/>
    </PublishOptions>
    <RunParams>
      <local>
        <FormatVersion Value="1"/>
        <HostApplicationFilename Value="F:\svn\Cheat Engine 6\bin\tutorial-x86_64.exe"/>
        <LaunchingApplication PathPlusParams="/usr/X11R6/bin/xterm -T 'Lazarus Run Output' -e $(LazarusDir)/tools/runwait.sh $(TargetCmdLine)"/>
      </local>
    </RunParams>
    <Units Count="13">
      <Unit0>
        <Filename Value="vehdebug.lpr"/>
        <IsPartOfProject Value="True"/>
        <UnitName Value="vehdebug"/>
        <EditorIndex Value="0"/>
        <WindowIndex Value="0"/>
        <TopLine Value="1"/>
        <CursorPos X="1" Y="15"/>
        <UsageCount Value="86"/>
        <Loaded Value="True"/>
        <LoadedDesigner Value="True"/>
        <DefaultSyntaxHighlighter Value="Delphi"/>
      </Unit0>
      <Unit1>
        <Filename Value="init.pas"/>
        <IsPartOfProject Value="True"/>
        <UnitName Value="init"/>
        <EditorIndex Value="1"/>
        <WindowIndex Value="0"/>
        <TopLine Value="9"/>
        <CursorPos X="5" Y="22"/>
        <UsageCount Value="86"/>
        <Loaded Value="True"/>
        <DefaultSyntaxHighlighter Value="Delphi"/>
      </Unit1>
      <Unit2>
        <Filename Value="DebugHandler.pas"/>
        <IsPartOfProject Value="True"/>
        <UnitName Value="DebugHandler"/>
        <EditorIndex Value="4"/>
        <WindowIndex Value="0"/>
        <TopLine Value="1"/>
        <CursorPos X="16" Y="36"/>
        <UsageCount Value="86"/>
        <Loaded Value="True"/>
        <DefaultSyntaxHighlighter Value="Delphi"/>
      </Unit2>
      <Unit3>
        <Filename Value="C:\lazarus\fpc\2.4.1\source\packages\winunits-jedi\src\jwawinnt.pas"/>
        <UnitName Value="jwawinnt"/>
        <WindowIndex Value="0"/>
        <TopLine Value="7854"/>
        <CursorPos X="33" Y="7867"/>
        <UsageCount Value="44"/>
      </Unit3>
      <Unit4>
        <Filename Value="C:\lazarus\fpc\2.4.1\source\rtl\win\wininc\struct.inc"/>
        <WindowIndex Value="0"/>
        <TopLine Value="1132"/>
        <CursorPos X="27" Y="1144"/>
        <UsageCount Value="44"/>
      </Unit4>
      <Unit5>
        <Filename Value="C:\lazarus\fpc\2.4.1\source\packages\winunits-jedi\src\jwawindows.pas"/>
        <UnitName Value="JwaWindows"/>
        <WindowIndex Value="0"/>
        <TopLine Value="672"/>
        <CursorPos X="3" Y="687"/>
        <UsageCount Value="44"/>
      </Unit5>
      <Unit6>
        <Filename Value="C:\lazarus\fpc\2.4.1\source\packages\winunits-jedi\src\jwawinbase.pas"/>
        <UnitName Value="JwaWinBase"/>
        <WindowIndex Value="0"/>
        <TopLine Value="5705"/>
        <CursorPos X="1" Y="5718"/>
        <UsageCount Value="44"/>
      </Unit6>
      <Unit7>
        <Filename Value="VEHDebugSharedMem.pas"/>
        <IsPartOfProject Value="True"/>
        <UnitName Value="VEHDebugSharedMem"/>
        <EditorIndex Value="3"/>
        <WindowIndex Value="0"/>
        <TopLine Value="6"/>
        <CursorPos X="20" Y="23"/>
        <UsageCount Value="86"/>
        <Loaded Value="True"/>
        <DefaultSyntaxHighlighter Value="Delphi"/>
      </Unit7>
      <Unit8>
        <Filename Value="C:\lazarus\fpc\2.4.1\source\rtl\win\wininc\defines.inc"/>
        <WindowIndex Value="0"/>
        <TopLine Value="1577"/>
        <CursorPos X="6" Y="1560"/>
        <UsageCount Value="44"/>
      </Unit8>
      <Unit9>
        <Filename Value="C:\lazarus\fpc\2.4.1\source\packages\winunits-jedi\src\jwatlhelp32.pas"/>
        <UnitName Value="JwaTlHelp32"/>
        <WindowIndex Value="0"/>
        <TopLine Value="267"/>
        <CursorPos X="1" Y="280"/>
        <UsageCount Value="44"/>
      </Unit9>
      <Unit10>
        <Filename Value="C:\lazarus\fpc\2.4.1\source\rtl\inc\dynarrh.inc"/>
        <WindowIndex Value="0"/>
        <TopLine Value="8"/>
        <CursorPos X="102" Y="32"/>
        <UsageCount Value="10"/>
      </Unit10>
      <Unit11>
        <Filename Value="threadpoll.pas"/>
        <IsPartOfProject Value="True"/>
        <UnitName Value="threadpoll"/>
        <IsVisibleTab Value="True"/>
        <EditorIndex Value="2"/>
        <WindowIndex Value="0"/>
        <TopLine Value="7"/>
        <CursorPos X="5" Y="37"/>
        <UsageCount Value="46"/>
        <Loaded Value="True"/>
        <DefaultSyntaxHighlighter Value="Delphi"/>
      </Unit11>
      <Unit12>
        <Filename Value="C:\lazarus\fpc\2.4.1\source\rtl\objpas\classes\classesh.inc"/>
        <WindowIndex Value="0"/>
        <TopLine Value="843"/>
        <CursorPos X="3" Y="259"/>
        <UsageCount Value="24"/>
      </Unit12>
    </Units>
    <JumpHistory Count="29" HistoryIndex="28">
      <Position1>
        <Filename Value="DebugHandler.pas"/>
        <Caret Line="12" Column="86" TopLine="1"/>
      </Position1>
      <Position2>
        <Filename Value="init.pas"/>
        <Caret Line="51" Column="33" TopLine="29"/>
      </Position2>
      <Position3>
        <Filename Value="vehdebug.lpr"/>
        <Caret Line="17" Column="1" TopLine="1"/>
      </Position3>
      <Position4>
        <Filename Value="init.pas"/>
        <Caret Line="21" Column="14" TopLine="10"/>
      </Position4>
      <Position5>
        <Filename Value="init.pas"/>
        <Caret Line="64" Column="21" TopLine="61"/>
      </Position5>
      <Position6>
        <Filename Value="DebugHandler.pas"/>
        <Caret Line="46" Column="35" TopLine="41"/>
      </Position6>
      <Position7>
        <Filename Value="init.pas"/>
        <Caret Line="79" Column="39" TopLine="79"/>
      </Position7>
      <Position8>
        <Filename Value="init.pas"/>
        <Caret Line="72" Column="40" TopLine="60"/>
      </Position8>
      <Position9>
        <Filename Value="DebugHandler.pas"/>
        <Caret Line="36" Column="46" TopLine="24"/>
      </Position9>
      <Position10>
        <Filename Value="DebugHandler.pas"/>
        <Caret Line="25" Column="7" TopLine="16"/>
      </Position10>
      <Position11>
        <Filename Value="DebugHandler.pas"/>
        <Caret Line="26" Column="9" TopLine="19"/>
      </Position11>
      <Position12>
        <Filename Value="DebugHandler.pas"/>
        <Caret Line="28" Column="43" TopLine="19"/>
      </Position12>
      <Position13>
        <Filename Value="DebugHandler.pas"/>
        <Caret Line="27" Column="7" TopLine="15"/>
      </Position13>
      <Position14>
        <Filename Value="DebugHandler.pas"/>
        <Caret Line="30" Column="41" TopLine="16"/>
      </Position14>
      <Position15>
        <Filename Value="DebugHandler.pas"/>
        <Caret Line="32" Column="25" TopLine="19"/>
      </Position15>
      <Position16>
        <Filename Value="DebugHandler.pas"/>
        <Caret Line="44" Column="4" TopLine="32"/>
      </Position16>
      <Position17>
        <Filename Value="threadpoll.pas"/>
        <Caret Line="15" Column="19" TopLine="5"/>
      </Position17>
      <Position18>
        <Filename Value="init.pas"/>
        <Caret Line="62" Column="5" TopLine="42"/>
      </Position18>
      <Position19>
        <Filename Value="threadpoll.pas"/>
        <Caret Line="11" Column="22" TopLine="1"/>
      </Position19>
      <Position20>
        <Filename Value="threadpoll.pas"/>
        <Caret Line="40" Column="1" TopLine="24"/>
      </Position20>
      <Position21>
        <Filename Value="threadpoll.pas"/>
        <Caret Line="16" Column="44" TopLine="1"/>
      </Position21>
      <Position22>
        <Filename Value="threadpoll.pas"/>
        <Caret Line="55" Column="3" TopLine="35"/>
      </Position22>
      <Position23>
        <Filename Value="threadpoll.pas"/>
        <Caret Line="113" Column="10" TopLine="91"/>
      </Position23>
      <Position24>
        <Filename Value="init.pas"/>
        <Caret Line="80" Column="38" TopLine="55"/>
      </Position24>
      <Position25>
        <Filename Value="threadpoll.pas"/>
        <Caret Line="51" Column="34" TopLine="40"/>
      </Position25>
      <Position26>
        <Filename Value="threadpoll.pas"/>
        <Caret Line="52" Column="60" TopLine="27"/>
      </Position26>
      <Position27>
        <Filename Value="threadpoll.pas"/>
        <Caret Line="116" Column="11" TopLine="101"/>
      </Position27>
      <Position28>
        <Filename Value="threadpoll.pas"/>
        <Caret Line="120" Column="10" TopLine="101"/>
      </Position28>
      <Position29>
        <Filename Value="threadpoll.pas"/>
        <Caret Line="71" Column="16" TopLine="60"/>
      </Position29>
    </JumpHistory>
  </ProjectOptions>
  <CompilerOptions>
    <Version Value="9"/>
    <PathDelim Value="\"/>
    <Target>
      <Filename Value="..\bin\vehdebug-$(TargetCPU)"/>
    </Target>
    <SearchPaths>
      <IncludeFiles Value="$(ProjOutDir)\"/>
      <UnitOutputDirectory Value="lib\$(TargetCPU)-$(TargetOS)"/>
    </SearchPaths>
    <Parsing>
      <SyntaxOptions>
        <SyntaxMode Value="Delphi"/>
      </SyntaxOptions>
    </Parsing>
    <CodeGeneration>
      <Optimizations>
        <VariablesInRegisters Value="True"/>
        <OptimizationLevel Value="3"/>
      </Optimizations>
    </CodeGeneration>
    <Linking>
      <Debugging>
        <UseLineInfoUnit Value="False"/>
        <StripSymbols Value="True"/>
      </Debugging>
      <LinkSmart Value="True"/>
      <Options>
        <ExecutableType Value="Library"/>
      </Options>
    </Linking>
    <Other>
      <CompilerMessages>
        <UseMsgFile Value="True"/>
      </CompilerMessages>
      <CompilerPath Value="$(CompPath)"/>
    </Other>
  </CompilerOptions>
  <Debugging>
    <Exceptions Count="3">
      <Item1>
        <Name Value="EAbort"/>
      </Item1>
      <Item2>
        <Name Value="ECodetoolError"/>
      </Item2>
      <Item3>
        <Name Value="EFOpenError"/>
      </Item3>
    </Exceptions>
  </Debugging>
</CONFIG>
