<?xml version="1.0"?>
<CONFIG>
  <ProjectOptions>
    <Version Value="9"/>
    <PathDelim Value="\"/>
    <General>
      <Flags>
        <MainUnitHasCreateFormStatements Value="False"/>
        <MainUnitHasTitleStatement Value="False"/>
      </Flags>
      <MainUnit Value="0"/>
      <ResourceType Value="res"/>
      <ActiveWindowIndexAtStart Value="0"/>
    </General>
    <i18n>
      <EnableI18N LFM="False"/>
    </i18n>
    <VersionInfo>
      <StringTable ProductVersion=""/>
    </VersionInfo>
    <BuildModes Count="2" Active="Release">
      <Item1 Name="Release" Default="True"/>
      <Item2 Name="Debug">
        <CompilerOptions>
          <Version Value="10"/>
          <PathDelim Value="\"/>
          <Target>
            <Filename Value="..\..\bin\standalonephase2.dat"/>
          </Target>
          <SearchPaths>
            <IncludeFiles Value="$(ProjOutDir)"/>
            <UnitOutputDirectory Value="lib\$(TargetCPU)-$(TargetOS)"/>
          </SearchPaths>
          <Parsing>
            <Style Value="1"/>
            <SyntaxOptions>
              <SyntaxMode Value="Delphi"/>
            </SyntaxOptions>
          </Parsing>
          <CodeGeneration>
            <Optimizations>
              <OptimizationLevel Value="0"/>
            </Optimizations>
          </CodeGeneration>
          <Other>
            <CompilerMessages>
              <UseMsgFile Value="True"/>
            </CompilerMessages>
            <CompilerPath Value="$(CompPath)"/>
          </Other>
        </CompilerOptions>
      </Item2>
    </BuildModes>
    <PublishOptions>
      <Version Value="2"/>
      <IncludeFileFilter Value="*.(pas|pp|inc|lfm|lpr|lrs|lpi|lpk|sh|xml)"/>
      <ExcludeFileFilter Value="*.(bak|ppu|o|so);*~;backup"/>
    </PublishOptions>
    <RunParams>
      <local>
        <FormatVersion Value="1"/>
      </local>
    </RunParams>
    <Units Count="8">
      <Unit0>
        <Filename Value="standalonephase2.lpr"/>
        <IsPartOfProject Value="True"/>
        <UnitName Value="standalonephase2"/>
        <IsVisibleTab Value="True"/>
        <EditorIndex Value="0"/>
        <WindowIndex Value="0"/>
        <TopLine Value="1"/>
        <CursorPos X="20" Y="13"/>
        <UsageCount Value="20"/>
        <Loaded Value="True"/>
        <DefaultSyntaxHighlighter Value="Delphi"/>
      </Unit0>
      <Unit1>
        <Filename Value="main.pas"/>
        <IsPartOfProject Value="True"/>
        <UnitName Value="main"/>
        <EditorIndex Value="1"/>
        <WindowIndex Value="0"/>
        <TopLine Value="130"/>
        <CursorPos X="1" Y="154"/>
        <UsageCount Value="20"/>
        <Loaded Value="True"/>
        <DefaultSyntaxHighlighter Value="Delphi"/>
      </Unit1>
      <Unit2>
        <Filename Value="C:\lazarus\fpc\2.4.3\source\rtl\objpas\sysutils\sysutilh.inc"/>
        <EditorIndex Value="5"/>
        <WindowIndex Value="0"/>
        <TopLine Value="270"/>
        <CursorPos X="12" Y="286"/>
        <UsageCount Value="10"/>
        <Loaded Value="True"/>
      </Unit2>
      <Unit3>
        <Filename Value="C:\lazarus\fpc\2.4.3\source\rtl\objpas\sysutils\sysutils.inc"/>
        <EditorIndex Value="6"/>
        <WindowIndex Value="0"/>
        <TopLine Value="569"/>
        <CursorPos X="26" Y="556"/>
        <UsageCount Value="10"/>
        <Loaded Value="True"/>
      </Unit3>
      <Unit4>
        <Filename Value="C:\lazarus\fpc\2.4.3\source\rtl\objpas\sysutils\filutilh.inc"/>
        <EditorIndex Value="4"/>
        <WindowIndex Value="0"/>
        <TopLine Value="70"/>
        <CursorPos X="16" Y="86"/>
        <UsageCount Value="10"/>
        <Loaded Value="True"/>
      </Unit4>
      <Unit5>
        <Filename Value="C:\lazarus\fpc\2.4.3\source\rtl\objpas\sysutils\diskh.inc"/>
        <EditorIndex Value="2"/>
        <WindowIndex Value="0"/>
        <TopLine Value="1"/>
        <CursorPos X="10" Y="21"/>
        <UsageCount Value="10"/>
        <Loaded Value="True"/>
      </Unit5>
      <Unit6>
        <Filename Value="C:\lazarus\fpc\2.4.3\source\rtl\win\sysutils.pp"/>
        <UnitName Value="sysutils"/>
        <EditorIndex Value="3"/>
        <WindowIndex Value="0"/>
        <TopLine Value="570"/>
        <CursorPos X="3" Y="572"/>
        <UsageCount Value="10"/>
        <Loaded Value="True"/>
      </Unit6>
      <Unit7>
        <Filename Value="C:\lazarus\fpc\2.4.3\source\packages\fcl-base\src\win\fileinfo.pp"/>
        <UnitName Value="fileinfo"/>
        <WindowIndex Value="0"/>
        <TopLine Value="148"/>
        <CursorPos X="1" Y="1"/>
        <UsageCount Value="10"/>
      </Unit7>
    </Units>
    <JumpHistory Count="30" HistoryIndex="29">
      <Position1>
        <Filename Value="main.pas"/>
        <Caret Line="34" Column="1" TopLine="13"/>
      </Position1>
      <Position2>
        <Filename Value="main.pas"/>
        <Caret Line="38" Column="1" TopLine="14"/>
      </Position2>
      <Position3>
        <Filename Value="main.pas"/>
        <Caret Line="28" Column="1" TopLine="14"/>
      </Position3>
      <Position4>
        <Filename Value="main.pas"/>
        <Caret Line="30" Column="1" TopLine="14"/>
      </Position4>
      <Position5>
        <Filename Value="main.pas"/>
        <Caret Line="34" Column="1" TopLine="14"/>
      </Position5>
      <Position6>
        <Filename Value="main.pas"/>
        <Caret Line="38" Column="1" TopLine="14"/>
      </Position6>
      <Position7>
        <Filename Value="main.pas"/>
        <Caret Line="40" Column="1" TopLine="16"/>
      </Position7>
      <Position8>
        <Filename Value="main.pas"/>
        <Caret Line="42" Column="1" TopLine="18"/>
      </Position8>
      <Position9>
        <Filename Value="main.pas"/>
        <Caret Line="43" Column="1" TopLine="19"/>
      </Position9>
      <Position10>
        <Filename Value="main.pas"/>
        <Caret Line="44" Column="1" TopLine="20"/>
      </Position10>
      <Position11>
        <Filename Value="main.pas"/>
        <Caret Line="38" Column="1" TopLine="20"/>
      </Position11>
      <Position12>
        <Filename Value="main.pas"/>
        <Caret Line="40" Column="1" TopLine="20"/>
      </Position12>
      <Position13>
        <Filename Value="main.pas"/>
        <Caret Line="42" Column="1" TopLine="20"/>
      </Position13>
      <Position14>
        <Filename Value="main.pas"/>
        <Caret Line="43" Column="1" TopLine="20"/>
      </Position14>
      <Position15>
        <Filename Value="main.pas"/>
        <Caret Line="44" Column="1" TopLine="20"/>
      </Position15>
      <Position16>
        <Filename Value="main.pas"/>
        <Caret Line="38" Column="1" TopLine="20"/>
      </Position16>
      <Position17>
        <Filename Value="main.pas"/>
        <Caret Line="40" Column="1" TopLine="20"/>
      </Position17>
      <Position18>
        <Filename Value="main.pas"/>
        <Caret Line="42" Column="1" TopLine="20"/>
      </Position18>
      <Position19>
        <Filename Value="main.pas"/>
        <Caret Line="43" Column="1" TopLine="20"/>
      </Position19>
      <Position20>
        <Filename Value="main.pas"/>
        <Caret Line="44" Column="1" TopLine="20"/>
      </Position20>
      <Position21>
        <Filename Value="main.pas"/>
        <Caret Line="38" Column="1" TopLine="20"/>
      </Position21>
      <Position22>
        <Filename Value="main.pas"/>
        <Caret Line="28" Column="1" TopLine="20"/>
      </Position22>
      <Position23>
        <Filename Value="main.pas"/>
        <Caret Line="30" Column="1" TopLine="20"/>
      </Position23>
      <Position24>
        <Filename Value="main.pas"/>
        <Caret Line="31" Column="1" TopLine="20"/>
      </Position24>
      <Position25>
        <Filename Value="main.pas"/>
        <Caret Line="38" Column="1" TopLine="20"/>
      </Position25>
      <Position26>
        <Filename Value="main.pas"/>
        <Caret Line="40" Column="1" TopLine="20"/>
      </Position26>
      <Position27>
        <Filename Value="main.pas"/>
        <Caret Line="42" Column="1" TopLine="20"/>
      </Position27>
      <Position28>
        <Filename Value="main.pas"/>
        <Caret Line="43" Column="1" TopLine="20"/>
      </Position28>
      <Position29>
        <Filename Value="main.pas"/>
        <Caret Line="44" Column="1" TopLine="20"/>
      </Position29>
      <Position30>
        <Filename Value="main.pas"/>
        <Caret Line="154" Column="1" TopLine="130"/>
      </Position30>
    </JumpHistory>
  </ProjectOptions>
  <CompilerOptions>
    <Version Value="10"/>
    <PathDelim Value="\"/>
    <Target>
      <Filename Value="..\..\bin\standalonephase2.dat"/>
    </Target>
    <SearchPaths>
      <IncludeFiles Value="$(ProjOutDir)"/>
      <UnitOutputDirectory Value="lib\$(TargetCPU)-$(TargetOS)"/>
    </SearchPaths>
    <Parsing>
      <Style Value="1"/>
      <SyntaxOptions>
        <SyntaxMode Value="Delphi"/>
      </SyntaxOptions>
    </Parsing>
    <CodeGeneration>
      <Optimizations>
        <VariablesInRegisters Value="True"/>
        <OptimizationLevel Value="3"/>
      </Optimizations>
    </CodeGeneration>
    <Linking>
      <Debugging>
        <UseLineInfoUnit Value="False"/>
        <StripSymbols Value="True"/>
      </Debugging>
      <LinkSmart Value="True"/>
      <Options>
        <Win32>
          <GraphicApplication Value="True"/>
        </Win32>
      </Options>
    </Linking>
    <Other>
      <CompilerMessages>
        <UseMsgFile Value="True"/>
      </CompilerMessages>
      <CustomOptions Value="-drelease"/>
      <CompilerPath Value="$(CompPath)"/>
    </Other>
  </CompilerOptions>
  <Debugging>
    <BreakPoints Count="1">
      <Item1>
        <Source Value="main.pas"/>
        <Line Value="153"/>
      </Item1>
    </BreakPoints>
    <Exceptions Count="3">
      <Item1>
        <Name Value="EAbort"/>
      </Item1>
      <Item2>
        <Name Value="ECodetoolError"/>
      </Item2>
      <Item3>
        <Name Value="EFOpenError"/>
      </Item3>
    </Exceptions>
  </Debugging>
</CONFIG>
