<?xml version="1.0" encoding="UTF-8"?>
<CONFIG>
  <ProjectOptions>
    <Version Value="12"/>
    <PathDelim Value="\"/>
    <General>
      <Flags>
        <MainUnitHasCreateFormStatements Value="False"/>
        <MainUnitHasTitleStatement Value="False"/>
        <MainUnitHasScaledStatement Value="False"/>
        <CompatibilityMode Value="True"/>
      </Flags>
      <Title Value="vehdebug"/>
      <ResourceType Value="res"/>
    </General>
    <VersionInfo>
      <Language Value=""/>
      <CharSet Value=""/>
    </VersionInfo>
    <BuildModes Count="4" Active="release 32">
      <Item1 Name="release" Default="True"/>
      <Item2 Name="debug">
        <CompilerOptions>
          <Version Value="11"/>
          <PathDelim Value="\"/>
          <Target>
            <Filename Value="..\bin\vehdebug-$(TargetCPU)"/>
          </Target>
          <SearchPaths>
            <IncludeFiles Value="$(ProjOutDir)"/>
            <UnitOutputDirectory Value="lib\$(TargetCPU)-$(TargetOS)"/>
          </SearchPaths>
          <Parsing>
            <SyntaxOptions>
              <SyntaxMode Value="Delphi"/>
            </SyntaxOptions>
          </Parsing>
          <CodeGeneration>
            <Optimizations>
              <OptimizationLevel Value="0"/>
            </Optimizations>
          </CodeGeneration>
          <Linking>
            <LinkSmart Value="True"/>
            <Options>
              <ExecutableType Value="Library"/>
            </Options>
          </Linking>
          <Other>
            <CustomOptions Value="-dSKIPCEHEARTBEAT"/>
            <OtherDefines Count="2">
              <Define0 Value="SKIPCEHEARTBEAT"/>
              <Define1 Value="DEBUG"/>
            </OtherDefines>
          </Other>
        </CompilerOptions>
      </Item2>
      <Item3 Name="release 64">
        <CompilerOptions>
          <Version Value="11"/>
          <PathDelim Value="\"/>
          <Target>
            <Filename Value="..\bin\vehdebug-$(TargetCPU)"/>
          </Target>
          <SearchPaths>
            <IncludeFiles Value="$(ProjOutDir)"/>
            <UnitOutputDirectory Value="lib\$(TargetCPU)-$(TargetOS)"/>
          </SearchPaths>
          <Parsing>
            <SyntaxOptions>
              <SyntaxMode Value="Delphi"/>
            </SyntaxOptions>
          </Parsing>
          <CodeGeneration>
            <SmartLinkUnit Value="True"/>
            <RelocatableUnit Value="True"/>
            <TargetCPU Value="x86_64"/>
            <TargetOS Value="win64"/>
            <Optimizations>
              <OptimizationLevel Value="3"/>
            </Optimizations>
          </CodeGeneration>
          <Linking>
            <Debugging>
              <GenerateDebugInfo Value="False"/>
              <UseLineInfoUnit Value="False"/>
              <StripSymbols Value="True"/>
            </Debugging>
            <LinkSmart Value="True"/>
            <Options>
              <ExecutableType Value="Library"/>
            </Options>
          </Linking>
          <Other>
            <OtherDefines Count="1">
              <Define0 Value="SKIPCEHEARTBEAT"/>
            </OtherDefines>
          </Other>
        </CompilerOptions>
      </Item3>
      <Item4 Name="release 32">
        <CompilerOptions>
          <Version Value="11"/>
          <PathDelim Value="\"/>
          <Target>
            <Filename Value="..\bin\vehdebug-$(TargetCPU)"/>
          </Target>
          <SearchPaths>
            <IncludeFiles Value="$(ProjOutDir)"/>
            <UnitOutputDirectory Value="lib\$(TargetCPU)-$(TargetOS)"/>
          </SearchPaths>
          <Parsing>
            <SyntaxOptions>
              <SyntaxMode Value="Delphi"/>
            </SyntaxOptions>
          </Parsing>
          <CodeGeneration>
            <SmartLinkUnit Value="True"/>
            <RelocatableUnit Value="True"/>
            <TargetCPU Value="i386"/>
            <TargetOS Value="win32"/>
            <Optimizations>
              <OptimizationLevel Value="3"/>
            </Optimizations>
          </CodeGeneration>
          <Linking>
            <Debugging>
              <GenerateDebugInfo Value="False"/>
              <UseLineInfoUnit Value="False"/>
              <StripSymbols Value="True"/>
            </Debugging>
            <LinkSmart Value="True"/>
            <Options>
              <ExecutableType Value="Library"/>
            </Options>
          </Linking>
          <Other>
            <OtherDefines Count="1">
              <Define0 Value="SKIPCEHEARTBEAT"/>
            </OtherDefines>
          </Other>
        </CompilerOptions>
      </Item4>
    </BuildModes>
    <PublishOptions>
      <Version Value="2"/>
    </PublishOptions>
    <RunParams>
      <local>
        <HostApplicationFilename Value="F:\svn\Cheat Engine\bin\tutorial-x86_64.exe"/>
        <LaunchingApplication PathPlusParams="/usr/X11R6/bin/xterm -T &apos;Lazarus Run Output&apos; -e $(LazarusDir)/tools/runwait.sh $(TargetCmdLine)"/>
      </local>
      <FormatVersion Value="2"/>
      <Modes Count="1">
        <Mode0 Name="default">
          <local>
            <HostApplicationFilename Value="F:\svn\Cheat Engine\bin\tutorial-x86_64.exe"/>
            <LaunchingApplication PathPlusParams="/usr/X11R6/bin/xterm -T &apos;Lazarus Run Output&apos; -e $(LazarusDir)/tools/runwait.sh $(TargetCmdLine)"/>
          </local>
        </Mode0>
      </Modes>
    </RunParams>
    <Units Count="38">
      <Unit0>
        <Filename Value="vehdebug.lpr"/>
        <IsPartOfProject Value="True"/>
        <EditorIndex Value="9"/>
        <WindowIndex Value="1"/>
        <CursorPos Y="18"/>
        <UsageCount Value="213"/>
        <Loaded Value="True"/>
      </Unit0>
      <Unit1>
        <Filename Value="init.pas"/>
        <IsPartOfProject Value="True"/>
        <IsVisibleTab Value="True"/>
        <WindowIndex Value="1"/>
        <TopLine Value="10"/>
        <CursorPos X="19" Y="31"/>
        <UsageCount Value="213"/>
        <Loaded Value="True"/>
      </Unit1>
      <Unit2>
        <Filename Value="DebugHandler.pas"/>
        <IsPartOfProject Value="True"/>
        <EditorIndex Value="1"/>
        <WindowIndex Value="1"/>
        <TopLine Value="89"/>
        <CursorPos X="62" Y="110"/>
        <UsageCount Value="213"/>
        <Loaded Value="True"/>
      </Unit2>
      <Unit3>
        <Filename Value="C:\lazarus\fpc\2.4.1\source\packages\winunits-jedi\src\jwawinnt.pas"/>
        <TopLine Value="7854"/>
        <CursorPos X="33" Y="7867"/>
        <UsageCount Value="26"/>
        <DefaultSyntaxHighlighter Value="Delphi"/>
      </Unit3>
      <Unit4>
        <Filename Value="C:\lazarus\fpc\2.4.1\source\rtl\win\wininc\struct.inc"/>
        <TopLine Value="1132"/>
        <CursorPos X="27" Y="1144"/>
        <UsageCount Value="26"/>
        <DefaultSyntaxHighlighter Value="Delphi"/>
      </Unit4>
      <Unit5>
        <Filename Value="C:\lazarus\fpc\2.4.1\source\packages\winunits-jedi\src\jwawindows.pas"/>
        <TopLine Value="672"/>
        <CursorPos X="3" Y="687"/>
        <UsageCount Value="26"/>
        <DefaultSyntaxHighlighter Value="Delphi"/>
      </Unit5>
      <Unit6>
        <Filename Value="C:\lazarus\fpc\2.4.1\source\packages\winunits-jedi\src\jwawinbase.pas"/>
        <TopLine Value="5705"/>
        <CursorPos Y="5718"/>
        <UsageCount Value="26"/>
        <DefaultSyntaxHighlighter Value="Delphi"/>
      </Unit6>
      <Unit7>
        <Filename Value="VEHDebugSharedMem.pas"/>
        <IsPartOfProject Value="True"/>
        <EditorIndex Value="8"/>
        <WindowIndex Value="1"/>
        <UsageCount Value="213"/>
        <Loaded Value="True"/>
      </Unit7>
      <Unit8>
        <Filename Value="C:\lazarus\fpc\2.4.1\source\rtl\win\wininc\defines.inc"/>
        <TopLine Value="1577"/>
        <CursorPos X="6" Y="1560"/>
        <UsageCount Value="26"/>
        <DefaultSyntaxHighlighter Value="Delphi"/>
      </Unit8>
      <Unit9>
        <Filename Value="C:\lazarus\fpc\2.4.1\source\packages\winunits-jedi\src\jwatlhelp32.pas"/>
        <TopLine Value="267"/>
        <CursorPos Y="280"/>
        <UsageCount Value="26"/>
        <DefaultSyntaxHighlighter Value="Delphi"/>
      </Unit9>
      <Unit10>
        <Filename Value="C:\lazarus\fpc\2.4.1\source\rtl\inc\dynarrh.inc"/>
        <TopLine Value="8"/>
        <CursorPos X="102" Y="32"/>
        <UsageCount Value="2"/>
        <DefaultSyntaxHighlighter Value="Delphi"/>
      </Unit10>
      <Unit11>
        <Filename Value="threadpoll.pas"/>
        <IsPartOfProject Value="True"/>
        <EditorIndex Value="6"/>
        <WindowIndex Value="1"/>
        <TopLine Value="110"/>
        <CursorPos X="22" Y="123"/>
        <UsageCount Value="228"/>
        <Loaded Value="True"/>
      </Unit11>
      <Unit12>
        <Filename Value="C:\lazarus\fpc\2.4.1\source\rtl\objpas\classes\classesh.inc"/>
        <TopLine Value="843"/>
        <CursorPos X="3" Y="259"/>
        <UsageCount Value="6"/>
        <DefaultSyntaxHighlighter Value="Delphi"/>
      </Unit12>
      <Unit13>
        <Filename Value="extcont.pas"/>
        <IsPartOfProject Value="True"/>
        <EditorIndex Value="11"/>
        <WindowIndex Value="1"/>
        <CursorPos X="7" Y="11"/>
        <UsageCount Value="196"/>
        <Loaded Value="True"/>
      </Unit13>
      <Unit14>
        <Filename Value="..\NewKernelHandler.pas"/>
        <TopLine Value="127"/>
        <CursorPos X="63" Y="183"/>
        <UsageCount Value="2"/>
        <DefaultSyntaxHighlighter Value="Delphi"/>
      </Unit14>
      <Unit15>
        <Filename Value="C:\lazarus\fpc\2.6.1\source\rtl\win\wininc\func.inc"/>
        <TopLine Value="147"/>
        <CursorPos X="10" Y="161"/>
        <UsageCount Value="15"/>
        <DefaultSyntaxHighlighter Value="Delphi"/>
      </Unit15>
      <Unit16>
        <Filename Value="SimpleThread.pas"/>
        <IsPartOfProject Value="True"/>
        <EditorIndex Value="7"/>
        <WindowIndex Value="1"/>
        <TopLine Value="6"/>
        <CursorPos X="45" Y="6"/>
        <UsageCount Value="148"/>
        <Loaded Value="True"/>
      </Unit16>
      <Unit17>
        <Filename Value="C:\lazarus\fpc\2.6.1\source\rtl\objpas\classes\classesh.inc"/>
        <TopLine Value="1540"/>
        <CursorPos X="21" Y="1548"/>
        <UsageCount Value="14"/>
        <DefaultSyntaxHighlighter Value="Delphi"/>
      </Unit17>
      <Unit18>
        <Filename Value="C:\lazarus\fpc\2.6.1\source\rtl\objpas\classes\classes.inc"/>
        <TopLine Value="79"/>
        <CursorPos X="10" Y="78"/>
        <UsageCount Value="14"/>
        <DefaultSyntaxHighlighter Value="Delphi"/>
      </Unit18>
      <Unit19>
        <Filename Value="C:\lazarus\fpc\2.6.1\source\rtl\win\tthread.inc"/>
        <CursorPos X="47" Y="11"/>
        <UsageCount Value="14"/>
        <DefaultSyntaxHighlighter Value="Delphi"/>
      </Unit19>
      <Unit20>
        <Filename Value="C:\lazarus\fpc\2.6.1\source\rtl\win\wininc\redef.inc"/>
        <TopLine Value="343"/>
        <CursorPos X="10" Y="357"/>
        <UsageCount Value="14"/>
        <DefaultSyntaxHighlighter Value="Delphi"/>
      </Unit20>
      <Unit21>
        <Filename Value="C:\lazarus\fpc\2.6.2\source\rtl\win\wininc\func.inc"/>
        <TopLine Value="113"/>
        <CursorPos X="10" Y="128"/>
        <UsageCount Value="2"/>
        <DefaultSyntaxHighlighter Value="Delphi"/>
      </Unit21>
      <Unit22>
        <Filename Value="C:\lazarus\fpc\2.6.2\source\rtl\win\wininc\redef.inc"/>
        <TopLine Value="603"/>
        <CursorPos X="10" Y="618"/>
        <UsageCount Value="2"/>
        <DefaultSyntaxHighlighter Value="Delphi"/>
      </Unit22>
      <Unit23>
        <Filename Value="E:\lazarus\fpc\2.6.2\source\rtl\win\wininc\struct.inc"/>
        <TopLine Value="1828"/>
        <CursorPos X="11" Y="1844"/>
        <UsageCount Value="3"/>
        <DefaultSyntaxHighlighter Value="Delphi"/>
      </Unit23>
      <Unit24>
        <Filename Value="E:\lazarus\fpc\2.6.2\source\rtl\win\wininc\defines.inc"/>
        <TopLine Value="43"/>
        <CursorPos X="6" Y="59"/>
        <UsageCount Value="3"/>
        <DefaultSyntaxHighlighter Value="Delphi"/>
      </Unit24>
      <Unit25>
        <Filename Value="C:\FPC\2.6.2-32\fpcsrc\rtl\win\wininc\struct.inc"/>
        <TopLine Value="1396"/>
        <CursorPos X="6" Y="1412"/>
        <UsageCount Value="3"/>
        <DefaultSyntaxHighlighter Value="Delphi"/>
      </Unit25>
      <Unit26>
        <Filename Value="C:\FPC\2.6.2-32\fpcsrc\packages\winunits-jedi\src\jwawinbase.pas"/>
        <TopLine Value="2156"/>
        <CursorPos X="10" Y="2172"/>
        <UsageCount Value="3"/>
        <DefaultSyntaxHighlighter Value="Delphi"/>
      </Unit26>
      <Unit27>
        <Filename Value="C:\FPC\2.6.2-32\fpcsrc\packages\winunits-jedi\src\jwawindows.pas"/>
        <TopLine Value="350"/>
        <CursorPos X="3" Y="368"/>
        <UsageCount Value="3"/>
        <DefaultSyntaxHighlighter Value="Delphi"/>
      </Unit27>
      <Unit28>
        <Filename Value="C:\FPC\2.6.2-32\fpcsrc\rtl\win\wininc\redef.inc"/>
        <TopLine Value="602"/>
        <CursorPos X="10" Y="618"/>
        <UsageCount Value="3"/>
        <DefaultSyntaxHighlighter Value="Delphi"/>
      </Unit28>
      <Unit29>
        <Filename Value="C:\FPC\2.6.2-32\fpcsrc\rtl\win\wininc\defines.inc"/>
        <TopLine Value="5645"/>
        <CursorPos X="6" Y="5661"/>
        <UsageCount Value="3"/>
        <DefaultSyntaxHighlighter Value="Delphi"/>
      </Unit29>
      <Unit30>
        <Filename Value="C:\development\fpc\rtl\win\wininc\defines.inc"/>
        <EditorIndex Value="-1"/>
        <WindowIndex Value="1"/>
        <TopLine Value="2298"/>
        <CursorPos X="18" Y="2311"/>
        <UsageCount Value="14"/>
        <DefaultSyntaxHighlighter Value="Delphi"/>
      </Unit30>
      <Unit31>
        <Filename Value="C:\development\fpc\rtl\win\wininc\struct.inc"/>
        <EditorIndex Value="3"/>
        <WindowIndex Value="1"/>
        <TopLine Value="3797"/>
        <CursorPos X="11" Y="3813"/>
        <UsageCount Value="38"/>
        <Loaded Value="True"/>
      </Unit31>
      <Unit32>
        <Filename Value="C:\development\fpc\rtl\win\wininc\func.inc"/>
        <EditorIndex Value="-1"/>
        <WindowIndex Value="1"/>
        <TopLine Value="114"/>
        <CursorPos X="10" Y="129"/>
        <UsageCount Value="2"/>
        <DefaultSyntaxHighlighter Value="Delphi"/>
      </Unit32>
      <Unit33>
        <Filename Value="C:\lazarus164\fpc\3.0.2\source\rtl\win\wininc\defines.inc"/>
        <EditorIndex Value="10"/>
        <WindowIndex Value="1"/>
        <TopLine Value="2258"/>
        <CursorPos X="6" Y="2271"/>
        <UsageCount Value="48"/>
        <Loaded Value="True"/>
      </Unit33>
      <Unit34>
        <Filename Value="C:\development\fpc\packages\fcl-base\src\syncobjs.pp"/>
        <EditorIndex Value="4"/>
        <WindowIndex Value="1"/>
        <TopLine Value="32"/>
        <CursorPos X="19" Y="48"/>
        <UsageCount Value="48"/>
        <Loaded Value="True"/>
      </Unit34>
      <Unit35>
        <Filename Value="C:\development\fpc\rtl\inc\threadh.inc"/>
        <EditorIndex Value="5"/>
        <WindowIndex Value="1"/>
        <TopLine Value="140"/>
        <CursorPos X="11" Y="157"/>
        <UsageCount Value="48"/>
        <Loaded Value="True"/>
      </Unit35>
      <Unit36>
        <Filename Value="..\VEHDebugger.pas"/>
        <EditorIndex Value="-1"/>
        <WindowIndex Value="1"/>
        <TopLine Value="361"/>
        <CursorPos X="8" Y="372"/>
        <UsageCount Value="4"/>
        <DefaultSyntaxHighlighter Value="Delphi"/>
      </Unit36>
      <Unit37>
        <Filename Value="C:\lazarus322\fpc\3.2.2\source\rtl\win\wininc\defines.inc"/>
        <EditorIndex Value="2"/>
        <WindowIndex Value="1"/>
        <TopLine Value="2750"/>
        <CursorPos X="34" Y="2761"/>
        <UsageCount Value="37"/>
        <Loaded Value="True"/>
      </Unit37>
    </Units>
    <OtherDefines Count="2">
      <Define0 Value="SKIPCEHEARTBEAT"/>
      <Define1 Value="DEBUG"/>
    </OtherDefines>
    <JumpHistory Count="30" HistoryIndex="29">
      <Position1>
        <Filename Value="DebugHandler.pas"/>
        <Caret Line="177" Column="4" TopLine="172"/>
      </Position1>
      <Position2>
        <Filename Value="init.pas"/>
        <Caret Line="97" Column="31" TopLine="81"/>
      </Position2>
      <Position3>
        <Filename Value="DebugHandler.pas"/>
        <Caret Line="11" Column="10"/>
      </Position3>
      <Position4>
        <Filename Value="DebugHandler.pas"/>
        <Caret Line="176" Column="6" TopLine="172"/>
      </Position4>
      <Position5>
        <Filename Value="DebugHandler.pas"/>
        <Caret Line="136" Column="9"/>
      </Position5>
      <Position6>
        <Filename Value="init.pas"/>
        <Caret Line="29" Column="42" TopLine="22"/>
      </Position6>
      <Position7>
        <Filename Value="init.pas"/>
      </Position7>
      <Position8>
        <Filename Value="init.pas"/>
        <Caret Line="49" Column="50" TopLine="44"/>
      </Position8>
      <Position9>
        <Filename Value="init.pas"/>
        <Caret Line="185" Column="55" TopLine="166"/>
      </Position9>
      <Position10>
        <Filename Value="init.pas"/>
        <Caret Line="202" Column="28" TopLine="195"/>
      </Position10>
      <Position11>
        <Filename Value="init.pas"/>
        <Caret Line="208" Column="61" TopLine="195"/>
      </Position11>
      <Position12>
        <Filename Value="init.pas"/>
        <Caret Line="34" Column="34" TopLine="22"/>
      </Position12>
      <Position13>
        <Filename Value="init.pas"/>
        <Caret Line="46" Column="47" TopLine="26"/>
      </Position13>
      <Position14>
        <Filename Value="init.pas"/>
        <Caret Line="185" Column="55" TopLine="169"/>
      </Position14>
      <Position15>
        <Filename Value="init.pas"/>
        <Caret Line="202" Column="28" TopLine="183"/>
      </Position15>
      <Position16>
        <Filename Value="DebugHandler.pas"/>
        <Caret Line="84" Column="32" TopLine="80"/>
      </Position16>
      <Position17>
        <Filename Value="DebugHandler.pas"/>
        <Caret Line="55" TopLine="39"/>
      </Position17>
      <Position18>
        <Filename Value="DebugHandler.pas"/>
        <Caret Line="134" Column="16" TopLine="122"/>
      </Position18>
      <Position19>
        <Filename Value="DebugHandler.pas"/>
        <Caret Line="60" Column="57" TopLine="56"/>
      </Position19>
      <Position20>
        <Filename Value="DebugHandler.pas"/>
        <Caret Line="59" Column="9" TopLine="40"/>
      </Position20>
      <Position21>
        <Filename Value="DebugHandler.pas"/>
        <Caret Line="60" Column="39" TopLine="46"/>
      </Position21>
      <Position22>
        <Filename Value="DebugHandler.pas"/>
        <Caret Line="63" Column="48" TopLine="46"/>
      </Position22>
      <Position23>
        <Filename Value="DebugHandler.pas"/>
        <Caret Line="62" Column="8" TopLine="49"/>
      </Position23>
      <Position24>
        <Filename Value="DebugHandler.pas"/>
        <Caret Line="60" Column="47" TopLine="50"/>
      </Position24>
      <Position25>
        <Filename Value="DebugHandler.pas"/>
        <Caret Line="137" Column="8" TopLine="127"/>
      </Position25>
      <Position26>
        <Filename Value="DebugHandler.pas"/>
        <Caret Line="49" Column="45" TopLine="37"/>
      </Position26>
      <Position27>
        <Filename Value="init.pas"/>
        <Caret Line="185" Column="33" TopLine="185"/>
      </Position27>
      <Position28>
        <Filename Value="init.pas"/>
        <Caret Line="78" Column="17" TopLine="65"/>
      </Position28>
      <Position29>
        <Filename Value="DebugHandler.pas"/>
        <Caret Line="12" Column="10"/>
      </Position29>
      <Position30>
        <Filename Value="DebugHandler.pas"/>
        <Caret Line="110" Column="62" TopLine="89"/>
      </Position30>
    </JumpHistory>
  </ProjectOptions>
  <CompilerOptions>
    <Version Value="11"/>
    <PathDelim Value="\"/>
    <Target>
      <Filename Value="..\bin\vehdebug-$(TargetCPU)"/>
    </Target>
    <SearchPaths>
      <IncludeFiles Value="$(ProjOutDir)"/>
      <UnitOutputDirectory Value="lib\$(TargetCPU)-$(TargetOS)"/>
    </SearchPaths>
    <Parsing>
      <SyntaxOptions>
        <SyntaxMode Value="Delphi"/>
      </SyntaxOptions>
    </Parsing>
    <CodeGeneration>
      <SmartLinkUnit Value="True"/>
      <RelocatableUnit Value="True"/>
      <Optimizations>
        <OptimizationLevel Value="3"/>
      </Optimizations>
    </CodeGeneration>
    <Linking>
      <Debugging>
        <GenerateDebugInfo Value="False"/>
        <UseLineInfoUnit Value="False"/>
        <StripSymbols Value="True"/>
      </Debugging>
      <LinkSmart Value="True"/>
      <Options>
        <ExecutableType Value="Library"/>
      </Options>
    </Linking>
  </CompilerOptions>
  <Debugging>
    <Exceptions Count="3">
      <Item1>
        <Name Value="EAbort"/>
      </Item1>
      <Item2>
        <Name Value="ECodetoolError"/>
      </Item2>
      <Item3>
        <Name Value="EFOpenError"/>
      </Item3>
    </Exceptions>
  </Debugging>
</CONFIG>
